// !$*UTF8*$!
{
	archiveVersion = 1;
	classes = {
	};
	objectVersion = 46;
	objects = {

/* Begin PBXBuildFile section */
		0044A2EECDB7829D4C57F1EF /* GeoPointBBox.swift in Sources */ = {isa = PBXBuildFile; fileRef = 2F50EA2D3920B7C918F6BB9C /* GeoPointBBox.swift */; };
		091807C83E1C7871B42D7296 /* Message.swift in Sources */ = {isa = PBXBuildFile; fileRef = 6BC7255C1F732875B71138DF /* Message.swift */; };
		0A0A840A46E39F55F72D4594 /* ServiceFrequency.swift in Sources */ = {isa = PBXBuildFile; fileRef = 19E06C77EB0F67AD8F2A5540 /* ServiceFrequency.swift */; };
		0B6DF196B67760C1F4A3FBEE /* PlacePolygon.swift in Sources */ = {isa = PBXBuildFile; fileRef = D6E5A50284231BB954AAA75C /* PlacePolygon.swift */; };
		0D48FE2CA2FE045AF5CD7731 /* Line.swift in Sources */ = {isa = PBXBuildFile; fileRef = A7E410807732E93F8D1477A7 /* Line.swift */; };
		0DAC927AB902C6BE94C86D73 /* RoadDisruptionImpactArea.swift in Sources */ = {isa = PBXBuildFile; fileRef = 2D63843CE2470CF55CF0C2D7 /* RoadDisruptionImpactArea.swift */; };
		1259EC5A8058C83A96CD7C18 /* RoadAPI.swift in Sources */ = {isa = PBXBuildFile; fileRef = 5474478291ECD357D138A03D /* RoadAPI.swift */; };
		1738B4A259E008F4E5D6664C /* JpElevation.swift in Sources */ = {isa = PBXBuildFile; fileRef = 7A7A7AB18727A6F9BA820963 /* JpElevation.swift */; };
		181FDDF378F7D0F69083A5A2 /* PlaceAPI.swift in Sources */ = {isa = PBXBuildFile; fileRef = EFEEBA54B158F539D631057A /* PlaceAPI.swift */; };
		1D46AF8D4374F8614854A027 /* RouteSequence.swift in Sources */ = {isa = PBXBuildFile; fileRef = A97F64B7A4887338D383A62F /* RouteSequence.swift */; };
		1DE2F7046B5771FAF0D8FD80 /* AccidentStatsOrderedSummary.swift in Sources */ = {isa = PBXBuildFile; fileRef = D14E2D0ED984EBDBD1A3F921 /* AccidentStatsOrderedSummary.swift */; };
		2160EA5D0141E730E97A0D80 /* Disambiguation.swift in Sources */ = {isa = PBXBuildFile; fileRef = 582B347F7EFAE5F8F891C02A /* Disambiguation.swift */; };
		21B2AF427FAB2089C28FE5C6 /* AccidentDetail.swift in Sources */ = {isa = PBXBuildFile; fileRef = 1910865C67F1D4376550946D /* AccidentDetail.swift */; };
		227A21E20ABC621E4B32071A /* FareBounds.swift in Sources */ = {isa = PBXBuildFile; fileRef = F0D8098E6C449714BD7A6F76 /* FareBounds.swift */; };
		233BDFBA39F2A4D1398ABB50 /* VehicleAPI.swift in Sources */ = {isa = PBXBuildFile; fileRef = D99D16E2A2026F254710D2CE /* VehicleAPI.swift */; };
		25234AB1DCEF33B59B347D49 /* FaresPeriod.swift in Sources */ = {isa = PBXBuildFile; fileRef = 8B298815DABB8E66096E1934 /* FaresPeriod.swift */; };
		25AF0E1414F4E63DB2F80210 /* Object.swift in Sources */ = {isa = PBXBuildFile; fileRef = DAE9085E8B4456185A3C601E /* Object.swift */; };
		2677D0FC560F69E22009358D /* FaresMode.swift in Sources */ = {isa = PBXBuildFile; fileRef = 183DB96DA68E0803F647DDCC /* FaresMode.swift */; };
		28484DCA4046D78B00A53BE2 /* Redirect.swift in Sources */ = {isa = PBXBuildFile; fileRef = 0014F020971C15B465A273F6 /* Redirect.swift */; };
		29C9C885B081A35C256206B0 /* FareDetails.swift in Sources */ = {isa = PBXBuildFile; fileRef = 2F7CE078B2C4E8B62D6E1E23 /* FareDetails.swift */; };
		2B01B944C2C7CDCEC8A63A4E /* Recommendation.swift in Sources */ = {isa = PBXBuildFile; fileRef = 678CACFD49984020A11A8F5F /* Recommendation.swift */; };
		2C230ADC3FEB601AD7113BE4 /* KnownJourney.swift in Sources */ = {isa = PBXBuildFile; fileRef = 857231B1A0E0B8C11DE05C4B /* KnownJourney.swift */; };
		2D5C2531F2EA1E47C8258155 /* RouteSection.swift in Sources */ = {isa = PBXBuildFile; fileRef = 1973DD5A01018A4CD8C0B66E /* RouteSection.swift */; };
		2FE674D537DD1838E30698EF /* TwentyFourHourClockTime.swift in Sources */ = {isa = PBXBuildFile; fileRef = CA4177BC981ED693DBB50980 /* TwentyFourHourClockTime.swift */; };
		3188D72EC5AA94AC686EF943 /* StopPointSequence.swift in Sources */ = {isa = PBXBuildFile; fileRef = 793E12F513772AE571BEAA06 /* StopPointSequence.swift */; };
		31AF05DBCDD5D581B03FBE83 /* PostcodeInput.swift in Sources */ = {isa = PBXBuildFile; fileRef = 1CBA8363D31F7295C31DE85B /* PostcodeInput.swift */; };
		3291358324FE773F2F8E24A6 /* PassengerFlow.swift in Sources */ = {isa = PBXBuildFile; fileRef = 1D6C3D15123331DB7327D2AE /* PassengerFlow.swift */; };
		35AA4D2FDECF5A54F51198CE /* CarParkOccupancy.swift in Sources */ = {isa = PBXBuildFile; fileRef = 4D9CBD2AD5742512B1FC9FD5 /* CarParkOccupancy.swift */; };
		3619E84BA0FAB03F31BB9DFF /* SearchCriteria.swift in Sources */ = {isa = PBXBuildFile; fileRef = 0C54AC53D3F840681D300E11 /* SearchCriteria.swift */; };
		36874995B6C87053093963F3 /* Schedule.swift in Sources */ = {isa = PBXBuildFile; fileRef = 0FEE9AA03CDE85E1012E85CA /* Schedule.swift */; };
		36BA3127F5D52FBC23F45E90 /* LineServiceTypeInfo.swift in Sources */ = {isa = PBXBuildFile; fileRef = 37331AE5378D376CF5683CF6 /* LineServiceTypeInfo.swift */; };
		374826C7ECDBD55644B913D6 /* AccidentStatsAPI.swift in Sources */ = {isa = PBXBuildFile; fileRef = 951556ED2DDD1BC4F0D6BAA9 /* AccidentStatsAPI.swift */; };
		3B6FA2332BA0C0714A0083E3 /* Fare.swift in Sources */ = {isa = PBXBuildFile; fileRef = E0100A659496BCAF3EFEF3A7 /* Fare.swift */; };
		3DEE312ED6F1D3F1CE392A3B /* TravelTimeAPI.swift in Sources */ = {isa = PBXBuildFile; fileRef = DED7EDB5023294D518419432 /* TravelTimeAPI.swift */; };
		3E4092C56B16E0CB4321DBAE /* Coordinate.swift in Sources */ = {isa = PBXBuildFile; fileRef = 9E656F79F77D3AB2D02E675F /* Coordinate.swift */; };
		3FBD59786D128DE8A24392FE /* TimeAdjustment.swift in Sources */ = {isa = PBXBuildFile; fileRef = 68A36182BCA4E528DEC4A1DA /* TimeAdjustment.swift */; };
		3FD5BDA870BD402F4275939D /* DateRange.swift in Sources */ = {isa = PBXBuildFile; fileRef = 8C8BFBCC9506EC6066A459C9 /* DateRange.swift */; };
		40B2E1A15661288E8DECA673 /* CabwiseAPI.swift in Sources */ = {isa = PBXBuildFile; fileRef = 212330ABCCD4A52B03FE8A67 /* CabwiseAPI.swift */; };
		41B5F9AD283FAAD463F10A87 /* TicketType.swift in Sources */ = {isa = PBXBuildFile; fileRef = E163CCEDFB50F5338B4E66E4 /* TicketType.swift */; };
		44A937AAF4A95C0C07F3B6E2 /* Mode.swift in Sources */ = {isa = PBXBuildFile; fileRef = ECE1593D6B4EA348A571599B /* Mode.swift */; };
		4D40A1CEA9E6F4650CBF170B /* Extensions.swift in Sources */ = {isa = PBXBuildFile; fileRef = 7DF5A9A3862F5F33476E755E /* Extensions.swift */; };
		516D5B1830BC76D681AAB881 /* Models.swift in Sources */ = {isa = PBXBuildFile; fileRef = 33284AF2DC2DCB3CEF38220B /* Models.swift */; };
		5183031AEF66977A2A5F17F1 /* RoadProject.swift in Sources */ = {isa = PBXBuildFile; fileRef = A75C2CBA765A8C001ABED8B4 /* RoadProject.swift */; };
		536D79D3160E6095F3BB41FD /* Point.swift in Sources */ = {isa = PBXBuildFile; fileRef = 718C237B1C7FB53436908579 /* Point.swift */; };
		5638E01154CD71014D3564A2 /* Obstacle.swift in Sources */ = {isa = PBXBuildFile; fileRef = 3989F8BAD4F2715502C78F67 /* Obstacle.swift */; };
		58753A3BCC0A037EFC73EC7C /* RecommendationResponse.swift in Sources */ = {isa = PBXBuildFile; fileRef = 130E55FED8E084ED2267C23C /* RecommendationResponse.swift */; };
		5CF9A719BABA563A1A5362A3 /* RoadDisruptionSchedule.swift in Sources */ = {isa = PBXBuildFile; fileRef = B515B7F82060B605B1EA89E3 /* RoadDisruptionSchedule.swift */; };
		5D3CA8DBF6F543E813CEF746 /* PathAttribute.swift in Sources */ = {isa = PBXBuildFile; fileRef = E58EDA844E849502B56A476D /* PathAttribute.swift */; };
		5F4E57C18B892B1A52B82B9E /* ApiVersionInfo.swift in Sources */ = {isa = PBXBuildFile; fileRef = C59B2749F4B7121D1DA70405 /* ApiVersionInfo.swift */; };
		638648FC7278F32D0E6CB625 /* APIs.swift in Sources */ = {isa = PBXBuildFile; fileRef = 7D79E9EB625995C36BE3DF8A /* APIs.swift */; };
		64CF6EC07164FC15917EBC67 /* SearchMatch.swift in Sources */ = {isa = PBXBuildFile; fileRef = E5C688E01B65A217C1D5729B /* SearchMatch.swift */; };
		64EAD7DBA2F9140C0BCC7CF1 /* DisruptedPoint.swift in Sources */ = {isa = PBXBuildFile; fileRef = F16CBC9E49E241164EEA2170 /* DisruptedPoint.swift */; };
		65B5237FC11F3E97E2C01314 /* AlamofireImplementations.swift in Sources */ = {isa = PBXBuildFile; fileRef = 11FA681AB231D16D552594D6 /* AlamofireImplementations.swift */; };
		666FFBB16093BFB44F8E4722 /* DbGeographyWellKnownValue.swift in Sources */ = {isa = PBXBuildFile; fileRef = 96ED140018430929BEE1F462 /* DbGeographyWellKnownValue.swift */; };
		67137218884454AA22A14C14 /* Ticket.swift in Sources */ = {isa = PBXBuildFile; fileRef = 354061599E03A4D415798318 /* Ticket.swift */; };
		67B156684F1EFB0BA6C6F998 /* LineModeGroup.swift in Sources */ = {isa = PBXBuildFile; fileRef = E5455FF2D01B9188019DD5B3 /* LineModeGroup.swift */; };
		6964122D0FC5F69010589A85 /* StopPointAPI.swift in Sources */ = {isa = PBXBuildFile; fileRef = 3792B5FDCAA97A28E8AF4E11 /* StopPointAPI.swift */; };
		6B82E32C29698E26277132A8 /* JourneyAPI.swift in Sources */ = {isa = PBXBuildFile; fileRef = 5A9E6B6D52B2F9B4851BE28D /* JourneyAPI.swift */; };
		6F905B98326E8D5F22B6300C /* TimeAdjustments.swift in Sources */ = {isa = PBXBuildFile; fileRef = 3C0C6562B1B3FDB65AC3423C /* TimeAdjustments.swift */; };
		77DB9B34D697E2762C0A7F0A /* Foundation.framework in Frameworks */ = {isa = PBXBuildFile; fileRef = A328B13C8EA83644EFEAB34C /* Foundation.framework */; };
		795EFB846480B60F98B63189 /* Timetable.swift in Sources */ = {isa = PBXBuildFile; fileRef = 35DBCDBFCF749799EFC03649 /* Timetable.swift */; };
		7978BDC98B55E04C90F34D44 /* OccupancyAPI.swift in Sources */ = {isa = PBXBuildFile; fileRef = D768967D2289C7A95DA2C3B6 /* OccupancyAPI.swift */; };
		891209850E092DD0951A3AA4 /* SearchAPI.swift in Sources */ = {isa = PBXBuildFile; fileRef = 0577ED15FF6B36CEF48B85FC /* SearchAPI.swift */; };
		899BD7AD2E100DBB8D338773 /* RoadCorridor.swift in Sources */ = {isa = PBXBuildFile; fileRef = 8AF568D9C7DD7ED096DAA09F /* RoadCorridor.swift */; };
		8ADFE340122D36D36216B169 /* Journey.swift in Sources */ = {isa = PBXBuildFile; fileRef = 4D2A986F77D333192D06DB2F /* Journey.swift */; };
		8BC16BD87A33DD781A7D2B94 /* RouteSectionNaptanEntrySequence.swift in Sources */ = {isa = PBXBuildFile; fileRef = 7E10AB90C3B90121BDF7A6E4 /* RouteSectionNaptanEntrySequence.swift */; };
		90460C2F858BAF0ECDEE4BF3 /* FaresSection.swift in Sources */ = {isa = PBXBuildFile; fileRef = AFE9809B22FACC2D4DE04452 /* FaresSection.swift */; };
		91BDEA65DF057A256E028B98 /* ValidityPeriod.swift in Sources */ = {isa = PBXBuildFile; fileRef = 02B4C263D84875137094C11C /* ValidityPeriod.swift */; };
		92E0876009BAC54CFAA81088 /* Prediction.swift in Sources */ = {isa = PBXBuildFile; fileRef = 78D570FB02F4DA82C5ECDAA7 /* Prediction.swift */; };
		92E2F39052B56750D5060934 /* GeoPoint.swift in Sources */ = {isa = PBXBuildFile; fileRef = FA9FAD86ECB997D46DF829C9 /* GeoPoint.swift */; };
		9486B7D49F4815F4A6805A29 /* ItineraryResult.swift in Sources */ = {isa = PBXBuildFile; fileRef = FACD4F5D4522BEC0897A01F7 /* ItineraryResult.swift */; };
		995354C32CA9CBEF8EE20A63 /* Vehicle.swift in Sources */ = {isa = PBXBuildFile; fileRef = 087F5562A969DFFE5582126E /* Vehicle.swift */; };
		9988F4D613E319D0557AB8C8 /* APIHelper.swift in Sources */ = {isa = PBXBuildFile; fileRef = 2046411EE70015E247FAACB0 /* APIHelper.swift */; };
		9FD16A70642C5B0755BC4A06 /* MatchedRoute.swift in Sources */ = {isa = PBXBuildFile; fileRef = 12B0F3946E686E57A271AF76 /* MatchedRoute.swift */; };
		A080233095240989CFE4C797 /* MatchedStop.swift in Sources */ = {isa = PBXBuildFile; fileRef = 0D6488F4A01C343E930DB34F /* MatchedStop.swift */; };
		A1BA405100C096536D2858A7 /* StopPointCategory.swift in Sources */ = {isa = PBXBuildFile; fileRef = 7E946589E76BC641A01251A8 /* StopPointCategory.swift */; };
		A3B176D62ADA9FE617F313AE /* OrderedRoute.swift in Sources */ = {isa = PBXBuildFile; fileRef = 3DC49019F40BAFB752A8FC91 /* OrderedRoute.swift */; };
		A4E0B8BCD90BB40561820DDF /* InstructionStep.swift in Sources */ = {isa = PBXBuildFile; fileRef = 2068EF760DFE37EA22611330 /* InstructionStep.swift */; };
		A6E903E9431FBD2E68165F37 /* DateRangeNullable.swift in Sources */ = {isa = PBXBuildFile; fileRef = AEA18E8A139A58B1D0300594 /* DateRangeNullable.swift */; };
		A8B488A492B7159E7E24C13A /* StopPoint.swift in Sources */ = {isa = PBXBuildFile; fileRef = 9BA6234080B29CE4BEAAD4D9 /* StopPoint.swift */; };
		A9BA8DE2176AB39938AD681B /* RoadDisruptionLine.swift in Sources */ = {isa = PBXBuildFile; fileRef = D6BA33D3516F2ADAA656562E /* RoadDisruptionLine.swift */; };
		AA2D50C8C55AFFC56F2CCEA2 /* Leg.swift in Sources */ = {isa = PBXBuildFile; fileRef = A78E60AEAB77BC696A222CD9 /* Leg.swift */; };
		AB1D3784EFBC3B6584221BA9 /* JourneyVector.swift in Sources */ = {isa = PBXBuildFile; fileRef = DA7BB765D8DD4EAF68ADDAA4 /* JourneyVector.swift */; };
		ACD2BB9F9E6B0FA161D6302A /* Place.swift in Sources */ = {isa = PBXBuildFile; fileRef = DA3FBACD5AC749B999668BA1 /* Place.swift */; };
		ADCBB88A9ECF0E0F86A6CFAB /* Identifier.swift in Sources */ = {isa = PBXBuildFile; fileRef = BEC37EB0B715C8E34320368F /* Identifier.swift */; };
		AE94E0191C07EEA1C9E29476 /* EmissionsSurchargeVehicle.swift in Sources */ = {isa = PBXBuildFile; fileRef = 0D4B08CBAE3932248FE6144A /* EmissionsSurchargeVehicle.swift */; };
		AF38321970D86B162D83A506 /* ModeAPI.swift in Sources */ = {isa = PBXBuildFile; fileRef = 6636101B92D43ACD64A3EB62 /* ModeAPI.swift */; };
		AFF36301206B8BD7702D5E3A /* LineServiceType.swift in Sources */ = {isa = PBXBuildFile; fileRef = 11F308416AA861FE44853DDF /* LineServiceType.swift */; };
		B54BBA13F7D1F4D75404B45F /* Interval.swift in Sources */ = {isa = PBXBuildFile; fileRef = FD401D95825642A363377F39 /* Interval.swift */; };
		B64BC37CFFA4F698DF55348A /* LineGroup.swift in Sources */ = {isa = PBXBuildFile; fileRef = BECB5FF20FA2D7E44C9FB540 /* LineGroup.swift */; };
		B6FD6B6E4801765B55E10255 /* BikePointAPI.swift in Sources */ = {isa = PBXBuildFile; fileRef = 9DBE42976FBD7C8CD5F2AABB /* BikePointAPI.swift */; };
		BA26C24D36DE74BEFE45DE87 /* TimetableRoute.swift in Sources */ = {isa = PBXBuildFile; fileRef = D67C29AA1500015A83FCCD91 /* TimetableRoute.swift */; };
		BB1B17DBAD3C0D25E4A2E9D5 /* CycleSuperhighway.swift in Sources */ = {isa = PBXBuildFile; fileRef = 978E9000EFE3F8576779D23E /* CycleSuperhighway.swift */; };
		BC59C6F6E5E72C36254AB8DD /* LineSpecificServiceType.swift in Sources */ = {isa = PBXBuildFile; fileRef = AFF6232916295B971416EBBC /* LineSpecificServiceType.swift */; };
		BDACFCD1E1F95FC8C2E92275 /* ActiveServiceType.swift in Sources */ = {isa = PBXBuildFile; fileRef = A6CDF5AF69E86EB3D37253CA /* ActiveServiceType.swift */; };
		BF0B430C7A3B1B0BAFA98F1E /* Disruption.swift in Sources */ = {isa = PBXBuildFile; fileRef = 17F519D5B4C8B8767C04FCFB /* Disruption.swift */; };
		C0EB2BEA472449A818F7CC91 /* LineAPI.swift in Sources */ = {isa = PBXBuildFile; fileRef = 3700A9DADB95C4535722B20D /* LineAPI.swift */; };
		C3B8808F079FA8BED5A95787 /* LineRouteSection.swift in Sources */ = {isa = PBXBuildFile; fileRef = C71145F1EDED4AE1036431B2 /* LineRouteSection.swift */; };
		C53796A46A3D8A997036A1C3 /* JourneyPlannerCycleHireDockingStationData.swift in Sources */ = {isa = PBXBuildFile; fileRef = DA7BF2B2FF187753C36EA7F2 /* JourneyPlannerCycleHireDockingStationData.swift */; };
		CADF48705FF330CFB89DD490 /* StationInterval.swift in Sources */ = {isa = PBXBuildFile; fileRef = EB36CFD6E1524E9BCA1D0FF4 /* StationInterval.swift */; };
		CBF73D1F33B262DF9968F55D /* RouteSearchMatch.swift in Sources */ = {isa = PBXBuildFile; fileRef = 0C6E3D89B1B97E76C00B828F /* RouteSearchMatch.swift */; };
		CC1103DE44E5F5427B6EDAB5 /* Street.swift in Sources */ = {isa = PBXBuildFile; fileRef = D456FA9ADF6D144F86E36308 /* Street.swift */; };
		CC665E0D438CCCBDE017755B /* RouteOption.swift in Sources */ = {isa = PBXBuildFile; fileRef = E4C26BBCE56479DC6CC65EF2 /* RouteOption.swift */; };
		CC9C5FD6DA2041BB75C2108F /* LineStatus.swift in Sources */ = {isa = PBXBuildFile; fileRef = B062CB2C9AC9B14B584A6523 /* LineStatus.swift */; };
		CCB24CFD58EAA5AD3BC83733 /* StopPointsResponse.swift in Sources */ = {isa = PBXBuildFile; fileRef = 06FDDFD3DC2D83B89098F5CB /* StopPointsResponse.swift */; };
		CF041C28A26DC9DA1EE187B6 /* TicketTime.swift in Sources */ = {isa = PBXBuildFile; fileRef = 4544CC6B917FAD053E8BB5A4 /* TicketTime.swift */; };
		D0AC6362F3A49E68C6544BF3 /* DbGeography.swift in Sources */ = {isa = PBXBuildFile; fileRef = 52D2C949F84770095070AA0D /* DbGeography.swift */; };
		D0FB36DDD767537A0BE3C8C2 /* PlannedWork.swift in Sources */ = {isa = PBXBuildFile; fileRef = 6A88651C6F3E2EB96D1547EA /* PlannedWork.swift */; };
		D2D2C44B6DDDF840168C8AC6 /* Casualty.swift in Sources */ = {isa = PBXBuildFile; fileRef = 634D503361DA59B94269EA3B /* Casualty.swift */; };
		D5D6383F37BF63B901329228 /* SearchResponse.swift in Sources */ = {isa = PBXBuildFile; fileRef = C57906BE558644E661CAE3A9 /* SearchResponse.swift */; };
		DADEEF9687CA6FCBDB7EA383 /* StatusSeverity.swift in Sources */ = {isa = PBXBuildFile; fileRef = 100D001531ED5F2B032DD957 /* StatusSeverity.swift */; };
		DC024AC8D8F6DE34B8C2E772 /* StreetSegment.swift in Sources */ = {isa = PBXBuildFile; fileRef = B61406B7417E64FDF31DC358 /* StreetSegment.swift */; };
		DCCBCC3AC7EB7AE58C7C8473 /* GeoCodeSearchMatch.swift in Sources */ = {isa = PBXBuildFile; fileRef = 8A076BEAC7EE1970620C97D0 /* GeoCodeSearchMatch.swift */; };
		DF1DECAFD00632D8F31B7298 /* RouteSearchResponse.swift in Sources */ = {isa = PBXBuildFile; fileRef = 0B8810BDAB5CF1108FF9DB70 /* RouteSearchResponse.swift */; };
		DFD2D8E729B63E812E5B79D1 /* AdditionalProperties.swift in Sources */ = {isa = PBXBuildFile; fileRef = 61EA3C83F32D9E0F3618A128 /* AdditionalProperties.swift */; };
		E40C4D28FFDF691836D177CB /* RoadDisruption.swift in Sources */ = {isa = PBXBuildFile; fileRef = D2E2339626C8C7E43B92B534 /* RoadDisruption.swift */; };
		E42A56DFF033B596E373A6AF /* DisambiguationOption.swift in Sources */ = {isa = PBXBuildFile; fileRef = EBA867B6BC9401D59CE1FA33 /* DisambiguationOption.swift */; };
		E48634209727E5675AB3FFC1 /* PlaceCategory.swift in Sources */ = {isa = PBXBuildFile; fileRef = 3D686EF6DFA92E0E70CAD63C /* PlaceCategory.swift */; };
		E57DA345211D506CB043813F /* PassengerType.swift in Sources */ = {isa = PBXBuildFile; fileRef = 2E08144B935185B093D7BE2F /* PassengerType.swift */; };
		E8886167BB8A5C005ADB1BD8 /* AirQualityAPI.swift in Sources */ = {isa = PBXBuildFile; fileRef = 38E401E1EB59733AF6D55FBE /* AirQualityAPI.swift */; };
		E8F36C5F4284D9CFFABFD5E7 /* TrainLoading.swift in Sources */ = {isa = PBXBuildFile; fileRef = 04AE322F86EDC7331CE8F6A8 /* TrainLoading.swift */; };
		E90D08A3B686EC3FE448C75D /* Bay.swift in Sources */ = {isa = PBXBuildFile; fileRef = D5B4D6E85F3843B108A16DA1 /* Bay.swift */; };
		EA25E5ECB9DF45EB0E2AEA76 /* Instruction.swift in Sources */ = {isa = PBXBuildFile; fileRef = 53CDF2C7D06B9129FD984FA2 /* Instruction.swift */; };
		F109D5F8F2777FAF25B4D949 /* Period.swift in Sources */ = {isa = PBXBuildFile; fileRef = 6E1E8074D8C122627A07BCDB /* Period.swift */; };
		F19B630088EE29095490AB79 /* TimetableResponse.swift in Sources */ = {isa = PBXBuildFile; fileRef = E2A604A3E93790A31592B4A2 /* TimetableResponse.swift */; };
		F41CF37F0DC9E0E42699268D /* StopPointRouteSection.swift in Sources */ = {isa = PBXBuildFile; fileRef = CEF5BAD6B8417110C6BD00D5 /* StopPointRouteSection.swift */; };
		F7FD92708CDC14F7906415BC /* Path.swift in Sources */ = {isa = PBXBuildFile; fileRef = 3C269F393F0B27C474459A37 /* Path.swift */; };
		FAADFE5A307841116D4B55A9 /* Crowding.swift in Sources */ = {isa = PBXBuildFile; fileRef = 8FA45927885AF59BF8F5CE17 /* Crowding.swift */; };
		FACF18780C005D95F23EE6E9 /* PredictionTiming.swift in Sources */ = {isa = PBXBuildFile; fileRef = 5ECAE101803E29546D91EF9A /* PredictionTiming.swift */; };
		FEF8B782EFA40C2102C07969 /* MatchedRouteSections.swift in Sources */ = {isa = PBXBuildFile; fileRef = 4E51F081135E553363A4731B /* MatchedRouteSections.swift */; };
/* End PBXBuildFile section */

/* Begin PBXFileReference section */
		0014F020971C15B465A273F6 /* Redirect.swift */ = {isa = PBXFileReference; includeInIndex = 1; lastKnownFileType = sourcecode.swift; path = Redirect.swift; sourceTree = "<group>"; };
		02B4C263D84875137094C11C /* ValidityPeriod.swift */ = {isa = PBXFileReference; includeInIndex = 1; lastKnownFileType = sourcecode.swift; path = ValidityPeriod.swift; sourceTree = "<group>"; };
		04AE322F86EDC7331CE8F6A8 /* TrainLoading.swift */ = {isa = PBXFileReference; includeInIndex = 1; lastKnownFileType = sourcecode.swift; path = TrainLoading.swift; sourceTree = "<group>"; };
		0577ED15FF6B36CEF48B85FC /* SearchAPI.swift */ = {isa = PBXFileReference; includeInIndex = 1; lastKnownFileType = sourcecode.swift; path = SearchAPI.swift; sourceTree = "<group>"; };
		06FDDFD3DC2D83B89098F5CB /* StopPointsResponse.swift */ = {isa = PBXFileReference; includeInIndex = 1; lastKnownFileType = sourcecode.swift; path = StopPointsResponse.swift; sourceTree = "<group>"; };
		087F5562A969DFFE5582126E /* Vehicle.swift */ = {isa = PBXFileReference; includeInIndex = 1; lastKnownFileType = sourcecode.swift; path = Vehicle.swift; sourceTree = "<group>"; };
		0B8810BDAB5CF1108FF9DB70 /* RouteSearchResponse.swift */ = {isa = PBXFileReference; includeInIndex = 1; lastKnownFileType = sourcecode.swift; path = RouteSearchResponse.swift; sourceTree = "<group>"; };
		0C54AC53D3F840681D300E11 /* SearchCriteria.swift */ = {isa = PBXFileReference; includeInIndex = 1; lastKnownFileType = sourcecode.swift; path = SearchCriteria.swift; sourceTree = "<group>"; };
		0C6E3D89B1B97E76C00B828F /* RouteSearchMatch.swift */ = {isa = PBXFileReference; includeInIndex = 1; lastKnownFileType = sourcecode.swift; path = RouteSearchMatch.swift; sourceTree = "<group>"; };
		0D4B08CBAE3932248FE6144A /* EmissionsSurchargeVehicle.swift */ = {isa = PBXFileReference; includeInIndex = 1; lastKnownFileType = sourcecode.swift; path = EmissionsSurchargeVehicle.swift; sourceTree = "<group>"; };
		0D6488F4A01C343E930DB34F /* MatchedStop.swift */ = {isa = PBXFileReference; includeInIndex = 1; lastKnownFileType = sourcecode.swift; path = MatchedStop.swift; sourceTree = "<group>"; };
		0FEE9AA03CDE85E1012E85CA /* Schedule.swift */ = {isa = PBXFileReference; includeInIndex = 1; lastKnownFileType = sourcecode.swift; path = Schedule.swift; sourceTree = "<group>"; };
		100D001531ED5F2B032DD957 /* StatusSeverity.swift */ = {isa = PBXFileReference; includeInIndex = 1; lastKnownFileType = sourcecode.swift; path = StatusSeverity.swift; sourceTree = "<group>"; };
		11F308416AA861FE44853DDF /* LineServiceType.swift */ = {isa = PBXFileReference; includeInIndex = 1; lastKnownFileType = sourcecode.swift; path = LineServiceType.swift; sourceTree = "<group>"; };
		11FA681AB231D16D552594D6 /* AlamofireImplementations.swift */ = {isa = PBXFileReference; includeInIndex = 1; lastKnownFileType = sourcecode.swift; path = AlamofireImplementations.swift; sourceTree = "<group>"; };
		12B0F3946E686E57A271AF76 /* MatchedRoute.swift */ = {isa = PBXFileReference; includeInIndex = 1; lastKnownFileType = sourcecode.swift; path = MatchedRoute.swift; sourceTree = "<group>"; };
		130E55FED8E084ED2267C23C /* RecommendationResponse.swift */ = {isa = PBXFileReference; includeInIndex = 1; lastKnownFileType = sourcecode.swift; path = RecommendationResponse.swift; sourceTree = "<group>"; };
		17F519D5B4C8B8767C04FCFB /* Disruption.swift */ = {isa = PBXFileReference; includeInIndex = 1; lastKnownFileType = sourcecode.swift; path = Disruption.swift; sourceTree = "<group>"; };
		183DB96DA68E0803F647DDCC /* FaresMode.swift */ = {isa = PBXFileReference; includeInIndex = 1; lastKnownFileType = sourcecode.swift; path = FaresMode.swift; sourceTree = "<group>"; };
		1910865C67F1D4376550946D /* AccidentDetail.swift */ = {isa = PBXFileReference; includeInIndex = 1; lastKnownFileType = sourcecode.swift; path = AccidentDetail.swift; sourceTree = "<group>"; };
		1973DD5A01018A4CD8C0B66E /* RouteSection.swift */ = {isa = PBXFileReference; includeInIndex = 1; lastKnownFileType = sourcecode.swift; path = RouteSection.swift; sourceTree = "<group>"; };
		19E06C77EB0F67AD8F2A5540 /* ServiceFrequency.swift */ = {isa = PBXFileReference; includeInIndex = 1; lastKnownFileType = sourcecode.swift; path = ServiceFrequency.swift; sourceTree = "<group>"; };
		1CBA8363D31F7295C31DE85B /* PostcodeInput.swift */ = {isa = PBXFileReference; includeInIndex = 1; lastKnownFileType = sourcecode.swift; path = PostcodeInput.swift; sourceTree = "<group>"; };
		1D6C3D15123331DB7327D2AE /* PassengerFlow.swift */ = {isa = PBXFileReference; includeInIndex = 1; lastKnownFileType = sourcecode.swift; path = PassengerFlow.swift; sourceTree = "<group>"; };
		2046411EE70015E247FAACB0 /* APIHelper.swift */ = {isa = PBXFileReference; includeInIndex = 1; lastKnownFileType = sourcecode.swift; path = APIHelper.swift; sourceTree = "<group>"; };
		2068EF760DFE37EA22611330 /* InstructionStep.swift */ = {isa = PBXFileReference; includeInIndex = 1; lastKnownFileType = sourcecode.swift; path = InstructionStep.swift; sourceTree = "<group>"; };
		212330ABCCD4A52B03FE8A67 /* CabwiseAPI.swift */ = {isa = PBXFileReference; includeInIndex = 1; lastKnownFileType = sourcecode.swift; path = CabwiseAPI.swift; sourceTree = "<group>"; };
		2D63843CE2470CF55CF0C2D7 /* RoadDisruptionImpactArea.swift */ = {isa = PBXFileReference; includeInIndex = 1; lastKnownFileType = sourcecode.swift; path = RoadDisruptionImpactArea.swift; sourceTree = "<group>"; };
		2E08144B935185B093D7BE2F /* PassengerType.swift */ = {isa = PBXFileReference; includeInIndex = 1; lastKnownFileType = sourcecode.swift; path = PassengerType.swift; sourceTree = "<group>"; };
		2F50EA2D3920B7C918F6BB9C /* GeoPointBBox.swift */ = {isa = PBXFileReference; includeInIndex = 1; lastKnownFileType = sourcecode.swift; path = GeoPointBBox.swift; sourceTree = "<group>"; };
		2F7CE078B2C4E8B62D6E1E23 /* FareDetails.swift */ = {isa = PBXFileReference; includeInIndex = 1; lastKnownFileType = sourcecode.swift; path = FareDetails.swift; sourceTree = "<group>"; };
		33284AF2DC2DCB3CEF38220B /* Models.swift */ = {isa = PBXFileReference; includeInIndex = 1; lastKnownFileType = sourcecode.swift; path = Models.swift; sourceTree = "<group>"; };
		354061599E03A4D415798318 /* Ticket.swift */ = {isa = PBXFileReference; includeInIndex = 1; lastKnownFileType = sourcecode.swift; path = Ticket.swift; sourceTree = "<group>"; };
		35DBCDBFCF749799EFC03649 /* Timetable.swift */ = {isa = PBXFileReference; includeInIndex = 1; lastKnownFileType = sourcecode.swift; path = Timetable.swift; sourceTree = "<group>"; };
		3700A9DADB95C4535722B20D /* LineAPI.swift */ = {isa = PBXFileReference; includeInIndex = 1; lastKnownFileType = sourcecode.swift; path = LineAPI.swift; sourceTree = "<group>"; };
		37331AE5378D376CF5683CF6 /* LineServiceTypeInfo.swift */ = {isa = PBXFileReference; includeInIndex = 1; lastKnownFileType = sourcecode.swift; path = LineServiceTypeInfo.swift; sourceTree = "<group>"; };
		3792B5FDCAA97A28E8AF4E11 /* StopPointAPI.swift */ = {isa = PBXFileReference; includeInIndex = 1; lastKnownFileType = sourcecode.swift; path = StopPointAPI.swift; sourceTree = "<group>"; };
		38E401E1EB59733AF6D55FBE /* AirQualityAPI.swift */ = {isa = PBXFileReference; includeInIndex = 1; lastKnownFileType = sourcecode.swift; path = AirQualityAPI.swift; sourceTree = "<group>"; };
		3989F8BAD4F2715502C78F67 /* Obstacle.swift */ = {isa = PBXFileReference; includeInIndex = 1; lastKnownFileType = sourcecode.swift; path = Obstacle.swift; sourceTree = "<group>"; };
		3C0C6562B1B3FDB65AC3423C /* TimeAdjustments.swift */ = {isa = PBXFileReference; includeInIndex = 1; lastKnownFileType = sourcecode.swift; path = TimeAdjustments.swift; sourceTree = "<group>"; };
		3C269F393F0B27C474459A37 /* Path.swift */ = {isa = PBXFileReference; includeInIndex = 1; lastKnownFileType = sourcecode.swift; path = Path.swift; sourceTree = "<group>"; };
		3D686EF6DFA92E0E70CAD63C /* PlaceCategory.swift */ = {isa = PBXFileReference; includeInIndex = 1; lastKnownFileType = sourcecode.swift; path = PlaceCategory.swift; sourceTree = "<group>"; };
		3DC49019F40BAFB752A8FC91 /* OrderedRoute.swift */ = {isa = PBXFileReference; includeInIndex = 1; lastKnownFileType = sourcecode.swift; path = OrderedRoute.swift; sourceTree = "<group>"; };
		4544CC6B917FAD053E8BB5A4 /* TicketTime.swift */ = {isa = PBXFileReference; includeInIndex = 1; lastKnownFileType = sourcecode.swift; path = TicketTime.swift; sourceTree = "<group>"; };
		4D2A986F77D333192D06DB2F /* Journey.swift */ = {isa = PBXFileReference; includeInIndex = 1; lastKnownFileType = sourcecode.swift; path = Journey.swift; sourceTree = "<group>"; };
		4D9CBD2AD5742512B1FC9FD5 /* CarParkOccupancy.swift */ = {isa = PBXFileReference; includeInIndex = 1; lastKnownFileType = sourcecode.swift; path = CarParkOccupancy.swift; sourceTree = "<group>"; };
		4E51F081135E553363A4731B /* MatchedRouteSections.swift */ = {isa = PBXFileReference; includeInIndex = 1; lastKnownFileType = sourcecode.swift; path = MatchedRouteSections.swift; sourceTree = "<group>"; };
		52D2C949F84770095070AA0D /* DbGeography.swift */ = {isa = PBXFileReference; includeInIndex = 1; lastKnownFileType = sourcecode.swift; path = DbGeography.swift; sourceTree = "<group>"; };
		53CDF2C7D06B9129FD984FA2 /* Instruction.swift */ = {isa = PBXFileReference; includeInIndex = 1; lastKnownFileType = sourcecode.swift; path = Instruction.swift; sourceTree = "<group>"; };
		5474478291ECD357D138A03D /* RoadAPI.swift */ = {isa = PBXFileReference; includeInIndex = 1; lastKnownFileType = sourcecode.swift; path = RoadAPI.swift; sourceTree = "<group>"; };
		582B347F7EFAE5F8F891C02A /* Disambiguation.swift */ = {isa = PBXFileReference; includeInIndex = 1; lastKnownFileType = sourcecode.swift; path = Disambiguation.swift; sourceTree = "<group>"; };
		5A9E6B6D52B2F9B4851BE28D /* JourneyAPI.swift */ = {isa = PBXFileReference; includeInIndex = 1; lastKnownFileType = sourcecode.swift; path = JourneyAPI.swift; sourceTree = "<group>"; };
		5ECAE101803E29546D91EF9A /* PredictionTiming.swift */ = {isa = PBXFileReference; includeInIndex = 1; lastKnownFileType = sourcecode.swift; path = PredictionTiming.swift; sourceTree = "<group>"; };
		6089F89B820B667D724AB866 /* RxTfL.framework */ = {isa = PBXFileReference; explicitFileType = wrapper.framework; includeInIndex = 0; path = RxTfL.framework; sourceTree = BUILT_PRODUCTS_DIR; };
		61EA3C83F32D9E0F3618A128 /* AdditionalProperties.swift */ = {isa = PBXFileReference; includeInIndex = 1; lastKnownFileType = sourcecode.swift; path = AdditionalProperties.swift; sourceTree = "<group>"; };
		634D503361DA59B94269EA3B /* Casualty.swift */ = {isa = PBXFileReference; includeInIndex = 1; lastKnownFileType = sourcecode.swift; path = Casualty.swift; sourceTree = "<group>"; };
		6636101B92D43ACD64A3EB62 /* ModeAPI.swift */ = {isa = PBXFileReference; includeInIndex = 1; lastKnownFileType = sourcecode.swift; path = ModeAPI.swift; sourceTree = "<group>"; };
		678CACFD49984020A11A8F5F /* Recommendation.swift */ = {isa = PBXFileReference; includeInIndex = 1; lastKnownFileType = sourcecode.swift; path = Recommendation.swift; sourceTree = "<group>"; };
		68A36182BCA4E528DEC4A1DA /* TimeAdjustment.swift */ = {isa = PBXFileReference; includeInIndex = 1; lastKnownFileType = sourcecode.swift; path = TimeAdjustment.swift; sourceTree = "<group>"; };
		6A88651C6F3E2EB96D1547EA /* PlannedWork.swift */ = {isa = PBXFileReference; includeInIndex = 1; lastKnownFileType = sourcecode.swift; path = PlannedWork.swift; sourceTree = "<group>"; };
		6BC7255C1F732875B71138DF /* Message.swift */ = {isa = PBXFileReference; includeInIndex = 1; lastKnownFileType = sourcecode.swift; path = Message.swift; sourceTree = "<group>"; };
		6E1E8074D8C122627A07BCDB /* Period.swift */ = {isa = PBXFileReference; includeInIndex = 1; lastKnownFileType = sourcecode.swift; path = Period.swift; sourceTree = "<group>"; };
		718C237B1C7FB53436908579 /* Point.swift */ = {isa = PBXFileReference; includeInIndex = 1; lastKnownFileType = sourcecode.swift; path = Point.swift; sourceTree = "<group>"; };
		78D570FB02F4DA82C5ECDAA7 /* Prediction.swift */ = {isa = PBXFileReference; includeInIndex = 1; lastKnownFileType = sourcecode.swift; path = Prediction.swift; sourceTree = "<group>"; };
		793E12F513772AE571BEAA06 /* StopPointSequence.swift */ = {isa = PBXFileReference; includeInIndex = 1; lastKnownFileType = sourcecode.swift; path = StopPointSequence.swift; sourceTree = "<group>"; };
		7A7A7AB18727A6F9BA820963 /* JpElevation.swift */ = {isa = PBXFileReference; includeInIndex = 1; lastKnownFileType = sourcecode.swift; path = JpElevation.swift; sourceTree = "<group>"; };
		7D79E9EB625995C36BE3DF8A /* APIs.swift */ = {isa = PBXFileReference; includeInIndex = 1; lastKnownFileType = sourcecode.swift; path = APIs.swift; sourceTree = "<group>"; };
		7DF5A9A3862F5F33476E755E /* Extensions.swift */ = {isa = PBXFileReference; includeInIndex = 1; lastKnownFileType = sourcecode.swift; path = Extensions.swift; sourceTree = "<group>"; };
		7E10AB90C3B90121BDF7A6E4 /* RouteSectionNaptanEntrySequence.swift */ = {isa = PBXFileReference; includeInIndex = 1; lastKnownFileType = sourcecode.swift; path = RouteSectionNaptanEntrySequence.swift; sourceTree = "<group>"; };
		7E946589E76BC641A01251A8 /* StopPointCategory.swift */ = {isa = PBXFileReference; includeInIndex = 1; lastKnownFileType = sourcecode.swift; path = StopPointCategory.swift; sourceTree = "<group>"; };
		857231B1A0E0B8C11DE05C4B /* KnownJourney.swift */ = {isa = PBXFileReference; includeInIndex = 1; lastKnownFileType = sourcecode.swift; path = KnownJourney.swift; sourceTree = "<group>"; };
		8A076BEAC7EE1970620C97D0 /* GeoCodeSearchMatch.swift */ = {isa = PBXFileReference; includeInIndex = 1; lastKnownFileType = sourcecode.swift; path = GeoCodeSearchMatch.swift; sourceTree = "<group>"; };
		8AF568D9C7DD7ED096DAA09F /* RoadCorridor.swift */ = {isa = PBXFileReference; includeInIndex = 1; lastKnownFileType = sourcecode.swift; path = RoadCorridor.swift; sourceTree = "<group>"; };
		8B298815DABB8E66096E1934 /* FaresPeriod.swift */ = {isa = PBXFileReference; includeInIndex = 1; lastKnownFileType = sourcecode.swift; path = FaresPeriod.swift; sourceTree = "<group>"; };
		8C8BFBCC9506EC6066A459C9 /* DateRange.swift */ = {isa = PBXFileReference; includeInIndex = 1; lastKnownFileType = sourcecode.swift; path = DateRange.swift; sourceTree = "<group>"; };
		8FA45927885AF59BF8F5CE17 /* Crowding.swift */ = {isa = PBXFileReference; includeInIndex = 1; lastKnownFileType = sourcecode.swift; path = Crowding.swift; sourceTree = "<group>"; };
		951556ED2DDD1BC4F0D6BAA9 /* AccidentStatsAPI.swift */ = {isa = PBXFileReference; includeInIndex = 1; lastKnownFileType = sourcecode.swift; path = AccidentStatsAPI.swift; sourceTree = "<group>"; };
		96ED140018430929BEE1F462 /* DbGeographyWellKnownValue.swift */ = {isa = PBXFileReference; includeInIndex = 1; lastKnownFileType = sourcecode.swift; path = DbGeographyWellKnownValue.swift; sourceTree = "<group>"; };
		978E9000EFE3F8576779D23E /* CycleSuperhighway.swift */ = {isa = PBXFileReference; includeInIndex = 1; lastKnownFileType = sourcecode.swift; path = CycleSuperhighway.swift; sourceTree = "<group>"; };
		9BA6234080B29CE4BEAAD4D9 /* StopPoint.swift */ = {isa = PBXFileReference; includeInIndex = 1; lastKnownFileType = sourcecode.swift; path = StopPoint.swift; sourceTree = "<group>"; };
		9DBE42976FBD7C8CD5F2AABB /* BikePointAPI.swift */ = {isa = PBXFileReference; includeInIndex = 1; lastKnownFileType = sourcecode.swift; path = BikePointAPI.swift; sourceTree = "<group>"; };
		9E656F79F77D3AB2D02E675F /* Coordinate.swift */ = {isa = PBXFileReference; includeInIndex = 1; lastKnownFileType = sourcecode.swift; path = Coordinate.swift; sourceTree = "<group>"; };
		A328B13C8EA83644EFEAB34C /* Foundation.framework */ = {isa = PBXFileReference; lastKnownFileType = wrapper.framework; name = Foundation.framework; path = Platforms/iPhoneOS.platform/Developer/SDKs/iPhoneOS10.3.sdk/System/Library/Frameworks/Foundation.framework; sourceTree = DEVELOPER_DIR; };
		A6CDF5AF69E86EB3D37253CA /* ActiveServiceType.swift */ = {isa = PBXFileReference; includeInIndex = 1; lastKnownFileType = sourcecode.swift; path = ActiveServiceType.swift; sourceTree = "<group>"; };
		A75C2CBA765A8C001ABED8B4 /* RoadProject.swift */ = {isa = PBXFileReference; includeInIndex = 1; lastKnownFileType = sourcecode.swift; path = RoadProject.swift; sourceTree = "<group>"; };
		A78E60AEAB77BC696A222CD9 /* Leg.swift */ = {isa = PBXFileReference; includeInIndex = 1; lastKnownFileType = sourcecode.swift; path = Leg.swift; sourceTree = "<group>"; };
		A7E410807732E93F8D1477A7 /* Line.swift */ = {isa = PBXFileReference; includeInIndex = 1; lastKnownFileType = sourcecode.swift; path = Line.swift; sourceTree = "<group>"; };
		A97F64B7A4887338D383A62F /* RouteSequence.swift */ = {isa = PBXFileReference; includeInIndex = 1; lastKnownFileType = sourcecode.swift; path = RouteSequence.swift; sourceTree = "<group>"; };
		AEA18E8A139A58B1D0300594 /* DateRangeNullable.swift */ = {isa = PBXFileReference; includeInIndex = 1; lastKnownFileType = sourcecode.swift; path = DateRangeNullable.swift; sourceTree = "<group>"; };
		AFE9809B22FACC2D4DE04452 /* FaresSection.swift */ = {isa = PBXFileReference; includeInIndex = 1; lastKnownFileType = sourcecode.swift; path = FaresSection.swift; sourceTree = "<group>"; };
		AFF6232916295B971416EBBC /* LineSpecificServiceType.swift */ = {isa = PBXFileReference; includeInIndex = 1; lastKnownFileType = sourcecode.swift; path = LineSpecificServiceType.swift; sourceTree = "<group>"; };
		B062CB2C9AC9B14B584A6523 /* LineStatus.swift */ = {isa = PBXFileReference; includeInIndex = 1; lastKnownFileType = sourcecode.swift; path = LineStatus.swift; sourceTree = "<group>"; };
		B515B7F82060B605B1EA89E3 /* RoadDisruptionSchedule.swift */ = {isa = PBXFileReference; includeInIndex = 1; lastKnownFileType = sourcecode.swift; path = RoadDisruptionSchedule.swift; sourceTree = "<group>"; };
		B61406B7417E64FDF31DC358 /* StreetSegment.swift */ = {isa = PBXFileReference; includeInIndex = 1; lastKnownFileType = sourcecode.swift; path = StreetSegment.swift; sourceTree = "<group>"; };
		BEC37EB0B715C8E34320368F /* Identifier.swift */ = {isa = PBXFileReference; includeInIndex = 1; lastKnownFileType = sourcecode.swift; path = Identifier.swift; sourceTree = "<group>"; };
		BECB5FF20FA2D7E44C9FB540 /* LineGroup.swift */ = {isa = PBXFileReference; includeInIndex = 1; lastKnownFileType = sourcecode.swift; path = LineGroup.swift; sourceTree = "<group>"; };
		C57906BE558644E661CAE3A9 /* SearchResponse.swift */ = {isa = PBXFileReference; includeInIndex = 1; lastKnownFileType = sourcecode.swift; path = SearchResponse.swift; sourceTree = "<group>"; };
		C59B2749F4B7121D1DA70405 /* ApiVersionInfo.swift */ = {isa = PBXFileReference; includeInIndex = 1; lastKnownFileType = sourcecode.swift; path = ApiVersionInfo.swift; sourceTree = "<group>"; };
		C71145F1EDED4AE1036431B2 /* LineRouteSection.swift */ = {isa = PBXFileReference; includeInIndex = 1; lastKnownFileType = sourcecode.swift; path = LineRouteSection.swift; sourceTree = "<group>"; };
		CA4177BC981ED693DBB50980 /* TwentyFourHourClockTime.swift */ = {isa = PBXFileReference; includeInIndex = 1; lastKnownFileType = sourcecode.swift; path = TwentyFourHourClockTime.swift; sourceTree = "<group>"; };
		CEF5BAD6B8417110C6BD00D5 /* StopPointRouteSection.swift */ = {isa = PBXFileReference; includeInIndex = 1; lastKnownFileType = sourcecode.swift; path = StopPointRouteSection.swift; sourceTree = "<group>"; };
		D14E2D0ED984EBDBD1A3F921 /* AccidentStatsOrderedSummary.swift */ = {isa = PBXFileReference; includeInIndex = 1; lastKnownFileType = sourcecode.swift; path = AccidentStatsOrderedSummary.swift; sourceTree = "<group>"; };
		D2E2339626C8C7E43B92B534 /* RoadDisruption.swift */ = {isa = PBXFileReference; includeInIndex = 1; lastKnownFileType = sourcecode.swift; path = RoadDisruption.swift; sourceTree = "<group>"; };
		D456FA9ADF6D144F86E36308 /* Street.swift */ = {isa = PBXFileReference; includeInIndex = 1; lastKnownFileType = sourcecode.swift; path = Street.swift; sourceTree = "<group>"; };
		D5B4D6E85F3843B108A16DA1 /* Bay.swift */ = {isa = PBXFileReference; includeInIndex = 1; lastKnownFileType = sourcecode.swift; path = Bay.swift; sourceTree = "<group>"; };
		D67C29AA1500015A83FCCD91 /* TimetableRoute.swift */ = {isa = PBXFileReference; includeInIndex = 1; lastKnownFileType = sourcecode.swift; path = TimetableRoute.swift; sourceTree = "<group>"; };
		D6BA33D3516F2ADAA656562E /* RoadDisruptionLine.swift */ = {isa = PBXFileReference; includeInIndex = 1; lastKnownFileType = sourcecode.swift; path = RoadDisruptionLine.swift; sourceTree = "<group>"; };
		D6E5A50284231BB954AAA75C /* PlacePolygon.swift */ = {isa = PBXFileReference; includeInIndex = 1; lastKnownFileType = sourcecode.swift; path = PlacePolygon.swift; sourceTree = "<group>"; };
		D768967D2289C7A95DA2C3B6 /* OccupancyAPI.swift */ = {isa = PBXFileReference; includeInIndex = 1; lastKnownFileType = sourcecode.swift; path = OccupancyAPI.swift; sourceTree = "<group>"; };
		D99D16E2A2026F254710D2CE /* VehicleAPI.swift */ = {isa = PBXFileReference; includeInIndex = 1; lastKnownFileType = sourcecode.swift; path = VehicleAPI.swift; sourceTree = "<group>"; };
		DA3FBACD5AC749B999668BA1 /* Place.swift */ = {isa = PBXFileReference; includeInIndex = 1; lastKnownFileType = sourcecode.swift; path = Place.swift; sourceTree = "<group>"; };
		DA7BB765D8DD4EAF68ADDAA4 /* JourneyVector.swift */ = {isa = PBXFileReference; includeInIndex = 1; lastKnownFileType = sourcecode.swift; path = JourneyVector.swift; sourceTree = "<group>"; };
		DA7BF2B2FF187753C36EA7F2 /* JourneyPlannerCycleHireDockingStationData.swift */ = {isa = PBXFileReference; includeInIndex = 1; lastKnownFileType = sourcecode.swift; path = JourneyPlannerCycleHireDockingStationData.swift; sourceTree = "<group>"; };
		DAE9085E8B4456185A3C601E /* Object.swift */ = {isa = PBXFileReference; includeInIndex = 1; lastKnownFileType = sourcecode.swift; path = Object.swift; sourceTree = "<group>"; };
		DED7EDB5023294D518419432 /* TravelTimeAPI.swift */ = {isa = PBXFileReference; includeInIndex = 1; lastKnownFileType = sourcecode.swift; path = TravelTimeAPI.swift; sourceTree = "<group>"; };
		E0100A659496BCAF3EFEF3A7 /* Fare.swift */ = {isa = PBXFileReference; includeInIndex = 1; lastKnownFileType = sourcecode.swift; path = Fare.swift; sourceTree = "<group>"; };
		E163CCEDFB50F5338B4E66E4 /* TicketType.swift */ = {isa = PBXFileReference; includeInIndex = 1; lastKnownFileType = sourcecode.swift; path = TicketType.swift; sourceTree = "<group>"; };
		E2A604A3E93790A31592B4A2 /* TimetableResponse.swift */ = {isa = PBXFileReference; includeInIndex = 1; lastKnownFileType = sourcecode.swift; path = TimetableResponse.swift; sourceTree = "<group>"; };
		E4C26BBCE56479DC6CC65EF2 /* RouteOption.swift */ = {isa = PBXFileReference; includeInIndex = 1; lastKnownFileType = sourcecode.swift; path = RouteOption.swift; sourceTree = "<group>"; };
		E5455FF2D01B9188019DD5B3 /* LineModeGroup.swift */ = {isa = PBXFileReference; includeInIndex = 1; lastKnownFileType = sourcecode.swift; path = LineModeGroup.swift; sourceTree = "<group>"; };
		E58EDA844E849502B56A476D /* PathAttribute.swift */ = {isa = PBXFileReference; includeInIndex = 1; lastKnownFileType = sourcecode.swift; path = PathAttribute.swift; sourceTree = "<group>"; };
		E5C688E01B65A217C1D5729B /* SearchMatch.swift */ = {isa = PBXFileReference; includeInIndex = 1; lastKnownFileType = sourcecode.swift; path = SearchMatch.swift; sourceTree = "<group>"; };
		EB36CFD6E1524E9BCA1D0FF4 /* StationInterval.swift */ = {isa = PBXFileReference; includeInIndex = 1; lastKnownFileType = sourcecode.swift; path = StationInterval.swift; sourceTree = "<group>"; };
		EBA867B6BC9401D59CE1FA33 /* DisambiguationOption.swift */ = {isa = PBXFileReference; includeInIndex = 1; lastKnownFileType = sourcecode.swift; path = DisambiguationOption.swift; sourceTree = "<group>"; };
		ECE1593D6B4EA348A571599B /* Mode.swift */ = {isa = PBXFileReference; includeInIndex = 1; lastKnownFileType = sourcecode.swift; path = Mode.swift; sourceTree = "<group>"; };
		EFEEBA54B158F539D631057A /* PlaceAPI.swift */ = {isa = PBXFileReference; includeInIndex = 1; lastKnownFileType = sourcecode.swift; path = PlaceAPI.swift; sourceTree = "<group>"; };
		F0D8098E6C449714BD7A6F76 /* FareBounds.swift */ = {isa = PBXFileReference; includeInIndex = 1; lastKnownFileType = sourcecode.swift; path = FareBounds.swift; sourceTree = "<group>"; };
		F16CBC9E49E241164EEA2170 /* DisruptedPoint.swift */ = {isa = PBXFileReference; includeInIndex = 1; lastKnownFileType = sourcecode.swift; path = DisruptedPoint.swift; sourceTree = "<group>"; };
		FA9FAD86ECB997D46DF829C9 /* GeoPoint.swift */ = {isa = PBXFileReference; includeInIndex = 1; lastKnownFileType = sourcecode.swift; path = GeoPoint.swift; sourceTree = "<group>"; };
		FACD4F5D4522BEC0897A01F7 /* ItineraryResult.swift */ = {isa = PBXFileReference; includeInIndex = 1; lastKnownFileType = sourcecode.swift; path = ItineraryResult.swift; sourceTree = "<group>"; };
		FD401D95825642A363377F39 /* Interval.swift */ = {isa = PBXFileReference; includeInIndex = 1; lastKnownFileType = sourcecode.swift; path = Interval.swift; sourceTree = "<group>"; };
/* End PBXFileReference section */

/* Begin PBXFrameworksBuildPhase section */
		6527A834AD5C4A763704D794 /* Frameworks */ = {
			isa = PBXFrameworksBuildPhase;
			buildActionMask = 2147483647;
			files = (
				77DB9B34D697E2762C0A7F0A /* Foundation.framework in Frameworks */,
			);
			runOnlyForDeploymentPostprocessing = 0;
		};
/* End PBXFrameworksBuildPhase section */

/* Begin PBXGroup section */
		10EA94E5514F90DF5F4B61EA /* iOS */ = {
			isa = PBXGroup;
			children = (
				A328B13C8EA83644EFEAB34C /* Foundation.framework */,
			);
			name = iOS;
			sourceTree = "<group>";
		};
		2EE61DE09B14591295E5862A /* APIs */ = {
			isa = PBXGroup;
			children = (
				951556ED2DDD1BC4F0D6BAA9 /* AccidentStatsAPI.swift */,
				38E401E1EB59733AF6D55FBE /* AirQualityAPI.swift */,
				9DBE42976FBD7C8CD5F2AABB /* BikePointAPI.swift */,
				212330ABCCD4A52B03FE8A67 /* CabwiseAPI.swift */,
				5A9E6B6D52B2F9B4851BE28D /* JourneyAPI.swift */,
				3700A9DADB95C4535722B20D /* LineAPI.swift */,
				6636101B92D43ACD64A3EB62 /* ModeAPI.swift */,
				D768967D2289C7A95DA2C3B6 /* OccupancyAPI.swift */,
				EFEEBA54B158F539D631057A /* PlaceAPI.swift */,
				5474478291ECD357D138A03D /* RoadAPI.swift */,
				0577ED15FF6B36CEF48B85FC /* SearchAPI.swift */,
				3792B5FDCAA97A28E8AF4E11 /* StopPointAPI.swift */,
				DED7EDB5023294D518419432 /* TravelTimeAPI.swift */,
				D99D16E2A2026F254710D2CE /* VehicleAPI.swift */,
			);
			path = APIs;
			sourceTree = "<group>";
		};
		5A51C0A7BAD45D67EF77FA98 /* Models */ = {
			isa = PBXGroup;
			children = (
				1910865C67F1D4376550946D /* AccidentDetail.swift */,
				D14E2D0ED984EBDBD1A3F921 /* AccidentStatsOrderedSummary.swift */,
				A6CDF5AF69E86EB3D37253CA /* ActiveServiceType.swift */,
				61EA3C83F32D9E0F3618A128 /* AdditionalProperties.swift */,
				C59B2749F4B7121D1DA70405 /* ApiVersionInfo.swift */,
				D5B4D6E85F3843B108A16DA1 /* Bay.swift */,
				4D9CBD2AD5742512B1FC9FD5 /* CarParkOccupancy.swift */,
				634D503361DA59B94269EA3B /* Casualty.swift */,
				9E656F79F77D3AB2D02E675F /* Coordinate.swift */,
				8FA45927885AF59BF8F5CE17 /* Crowding.swift */,
				978E9000EFE3F8576779D23E /* CycleSuperhighway.swift */,
				8C8BFBCC9506EC6066A459C9 /* DateRange.swift */,
				AEA18E8A139A58B1D0300594 /* DateRangeNullable.swift */,
				52D2C949F84770095070AA0D /* DbGeography.swift */,
				96ED140018430929BEE1F462 /* DbGeographyWellKnownValue.swift */,
				582B347F7EFAE5F8F891C02A /* Disambiguation.swift */,
				EBA867B6BC9401D59CE1FA33 /* DisambiguationOption.swift */,
				F16CBC9E49E241164EEA2170 /* DisruptedPoint.swift */,
				17F519D5B4C8B8767C04FCFB /* Disruption.swift */,
				0D4B08CBAE3932248FE6144A /* EmissionsSurchargeVehicle.swift */,
				E0100A659496BCAF3EFEF3A7 /* Fare.swift */,
				F0D8098E6C449714BD7A6F76 /* FareBounds.swift */,
				2F7CE078B2C4E8B62D6E1E23 /* FareDetails.swift */,
				183DB96DA68E0803F647DDCC /* FaresMode.swift */,
				8B298815DABB8E66096E1934 /* FaresPeriod.swift */,
				AFE9809B22FACC2D4DE04452 /* FaresSection.swift */,
				8A076BEAC7EE1970620C97D0 /* GeoCodeSearchMatch.swift */,
				FA9FAD86ECB997D46DF829C9 /* GeoPoint.swift */,
				2F50EA2D3920B7C918F6BB9C /* GeoPointBBox.swift */,
				BEC37EB0B715C8E34320368F /* Identifier.swift */,
				53CDF2C7D06B9129FD984FA2 /* Instruction.swift */,
				2068EF760DFE37EA22611330 /* InstructionStep.swift */,
				FD401D95825642A363377F39 /* Interval.swift */,
				FACD4F5D4522BEC0897A01F7 /* ItineraryResult.swift */,
				4D2A986F77D333192D06DB2F /* Journey.swift */,
				DA7BF2B2FF187753C36EA7F2 /* JourneyPlannerCycleHireDockingStationData.swift */,
				DA7BB765D8DD4EAF68ADDAA4 /* JourneyVector.swift */,
				7A7A7AB18727A6F9BA820963 /* JpElevation.swift */,
				857231B1A0E0B8C11DE05C4B /* KnownJourney.swift */,
				A78E60AEAB77BC696A222CD9 /* Leg.swift */,
				A7E410807732E93F8D1477A7 /* Line.swift */,
				BECB5FF20FA2D7E44C9FB540 /* LineGroup.swift */,
				E5455FF2D01B9188019DD5B3 /* LineModeGroup.swift */,
				C71145F1EDED4AE1036431B2 /* LineRouteSection.swift */,
				11F308416AA861FE44853DDF /* LineServiceType.swift */,
				37331AE5378D376CF5683CF6 /* LineServiceTypeInfo.swift */,
				AFF6232916295B971416EBBC /* LineSpecificServiceType.swift */,
				B062CB2C9AC9B14B584A6523 /* LineStatus.swift */,
				12B0F3946E686E57A271AF76 /* MatchedRoute.swift */,
				4E51F081135E553363A4731B /* MatchedRouteSections.swift */,
				0D6488F4A01C343E930DB34F /* MatchedStop.swift */,
				6BC7255C1F732875B71138DF /* Message.swift */,
				ECE1593D6B4EA348A571599B /* Mode.swift */,
				DAE9085E8B4456185A3C601E /* Object.swift */,
				3989F8BAD4F2715502C78F67 /* Obstacle.swift */,
				3DC49019F40BAFB752A8FC91 /* OrderedRoute.swift */,
				1D6C3D15123331DB7327D2AE /* PassengerFlow.swift */,
				2E08144B935185B093D7BE2F /* PassengerType.swift */,
				3C269F393F0B27C474459A37 /* Path.swift */,
				E58EDA844E849502B56A476D /* PathAttribute.swift */,
				6E1E8074D8C122627A07BCDB /* Period.swift */,
				DA3FBACD5AC749B999668BA1 /* Place.swift */,
				3D686EF6DFA92E0E70CAD63C /* PlaceCategory.swift */,
				D6E5A50284231BB954AAA75C /* PlacePolygon.swift */,
				6A88651C6F3E2EB96D1547EA /* PlannedWork.swift */,
				718C237B1C7FB53436908579 /* Point.swift */,
				1CBA8363D31F7295C31DE85B /* PostcodeInput.swift */,
				78D570FB02F4DA82C5ECDAA7 /* Prediction.swift */,
				5ECAE101803E29546D91EF9A /* PredictionTiming.swift */,
				678CACFD49984020A11A8F5F /* Recommendation.swift */,
				130E55FED8E084ED2267C23C /* RecommendationResponse.swift */,
				0014F020971C15B465A273F6 /* Redirect.swift */,
				8AF568D9C7DD7ED096DAA09F /* RoadCorridor.swift */,
				D2E2339626C8C7E43B92B534 /* RoadDisruption.swift */,
				2D63843CE2470CF55CF0C2D7 /* RoadDisruptionImpactArea.swift */,
				D6BA33D3516F2ADAA656562E /* RoadDisruptionLine.swift */,
				B515B7F82060B605B1EA89E3 /* RoadDisruptionSchedule.swift */,
				A75C2CBA765A8C001ABED8B4 /* RoadProject.swift */,
				E4C26BBCE56479DC6CC65EF2 /* RouteOption.swift */,
				0C6E3D89B1B97E76C00B828F /* RouteSearchMatch.swift */,
				0B8810BDAB5CF1108FF9DB70 /* RouteSearchResponse.swift */,
				1973DD5A01018A4CD8C0B66E /* RouteSection.swift */,
				7E10AB90C3B90121BDF7A6E4 /* RouteSectionNaptanEntrySequence.swift */,
				A97F64B7A4887338D383A62F /* RouteSequence.swift */,
				0FEE9AA03CDE85E1012E85CA /* Schedule.swift */,
				0C54AC53D3F840681D300E11 /* SearchCriteria.swift */,
				E5C688E01B65A217C1D5729B /* SearchMatch.swift */,
				C57906BE558644E661CAE3A9 /* SearchResponse.swift */,
				19E06C77EB0F67AD8F2A5540 /* ServiceFrequency.swift */,
				EB36CFD6E1524E9BCA1D0FF4 /* StationInterval.swift */,
				100D001531ED5F2B032DD957 /* StatusSeverity.swift */,
				9BA6234080B29CE4BEAAD4D9 /* StopPoint.swift */,
				7E946589E76BC641A01251A8 /* StopPointCategory.swift */,
				CEF5BAD6B8417110C6BD00D5 /* StopPointRouteSection.swift */,
				793E12F513772AE571BEAA06 /* StopPointSequence.swift */,
				06FDDFD3DC2D83B89098F5CB /* StopPointsResponse.swift */,
				D456FA9ADF6D144F86E36308 /* Street.swift */,
				B61406B7417E64FDF31DC358 /* StreetSegment.swift */,
				354061599E03A4D415798318 /* Ticket.swift */,
				4544CC6B917FAD053E8BB5A4 /* TicketTime.swift */,
				E163CCEDFB50F5338B4E66E4 /* TicketType.swift */,
				68A36182BCA4E528DEC4A1DA /* TimeAdjustment.swift */,
				3C0C6562B1B3FDB65AC3423C /* TimeAdjustments.swift */,
				35DBCDBFCF749799EFC03649 /* Timetable.swift */,
				E2A604A3E93790A31592B4A2 /* TimetableResponse.swift */,
				D67C29AA1500015A83FCCD91 /* TimetableRoute.swift */,
				04AE322F86EDC7331CE8F6A8 /* TrainLoading.swift */,
				CA4177BC981ED693DBB50980 /* TwentyFourHourClockTime.swift */,
				02B4C263D84875137094C11C /* ValidityPeriod.swift */,
				087F5562A969DFFE5582126E /* Vehicle.swift */,
			);
			path = Models;
			sourceTree = "<group>";
		};
		8278B3EAABA0E37192395A71 /* Products */ = {
			isa = PBXGroup;
			children = (
				6089F89B820B667D724AB866 /* RxTfL.framework */,
			);
			name = Products;
			sourceTree = "<group>";
		};
		8CF9116EEB666C555E71D6F1 = {
			isa = PBXGroup;
			children = (
				8278B3EAABA0E37192395A71 /* Products */,
				9030955E4A69B9ED8802D856 /* Frameworks */,
				A390F382ECAF72A1E47AB6D6 /* RxTfL */,
			);
			sourceTree = "<group>";
		};
		9030955E4A69B9ED8802D856 /* Frameworks */ = {
			isa = PBXGroup;
			children = (
				10EA94E5514F90DF5F4B61EA /* iOS */,
			);
			name = Frameworks;
			sourceTree = "<group>";
		};
		A3411B2016FB62837A8F209F /* Swaggers */ = {
			isa = PBXGroup;
			children = (
				11FA681AB231D16D552594D6 /* AlamofireImplementations.swift */,
				2046411EE70015E247FAACB0 /* APIHelper.swift */,
				2EE61DE09B14591295E5862A /* APIs */,
				7D79E9EB625995C36BE3DF8A /* APIs.swift */,
				7DF5A9A3862F5F33476E755E /* Extensions.swift */,
				5A51C0A7BAD45D67EF77FA98 /* Models */,
				33284AF2DC2DCB3CEF38220B /* Models.swift */,
			);
			path = Swaggers;
			sourceTree = "<group>";
		};
		A390F382ECAF72A1E47AB6D6 /* RxTfL */ = {
			isa = PBXGroup;
			children = (
				ECD375A518336A2C17BC9E13 /* Classes */,
			);
			path = RxTfL;
			sourceTree = "<group>";
		};
		ECD375A518336A2C17BC9E13 /* Classes */ = {
			isa = PBXGroup;
			children = (
				A3411B2016FB62837A8F209F /* Swaggers */,
			);
			path = Classes;
			sourceTree = "<group>";
		};
/* End PBXGroup section */

/* Begin PBXNativeTarget section */
		E9661C4F596A60690693FE40 /* RxTfL */ = {
			isa = PBXNativeTarget;
			buildConfigurationList = DAF8342CE457A2A5C7E6FFE6 /* Build configuration list for PBXNativeTarget "RxTfL" */;
			buildPhases = (
				6527A834AD5C4A763704D794 /* Frameworks */,
				5730B54F518A875E881082C1 /* Sources */,
			);
			buildRules = (
			);
			dependencies = (
			);
			name = RxTfL;
			productName = RxTfL;
			productReference = 6089F89B820B667D724AB866 /* RxTfL.framework */;
			productType = "com.apple.product-type.framework";
		};
/* End PBXNativeTarget section */

/* Begin PBXProject section */
		647CAEAF40190B70BB49114B /* Project object */ = {
			isa = PBXProject;
			attributes = {
				LastSwiftUpdateCheck = 0830;
				LastUpgradeCheck = 0700;
				ORGANIZATIONNAME = "Simon Rice";
			};
			buildConfigurationList = 4F79666172C90CD681473AB5 /* Build configuration list for PBXProject "RxTfL" */;
			compatibilityVersion = "Xcode 3.2";
			developmentRegion = English;
			hasScannedForEncodings = 0;
			knownRegions = (
				en,
			);
			mainGroup = 8CF9116EEB666C555E71D6F1;
			productRefGroup = 8278B3EAABA0E37192395A71 /* Products */;
			projectDirPath = "";
			projectRoot = "";
			targets = (
				E9661C4F596A60690693FE40 /* RxTfL */,
			);
		};
/* End PBXProject section */

/* Begin PBXSourcesBuildPhase section */
		5730B54F518A875E881082C1 /* Sources */ = {
			isa = PBXSourcesBuildPhase;
			buildActionMask = 2147483647;
			files = (
				65B5237FC11F3E97E2C01314 /* AlamofireImplementations.swift in Sources */,
				9988F4D613E319D0557AB8C8 /* APIHelper.swift in Sources */,
				374826C7ECDBD55644B913D6 /* AccidentStatsAPI.swift in Sources */,
				E8886167BB8A5C005ADB1BD8 /* AirQualityAPI.swift in Sources */,
				B6FD6B6E4801765B55E10255 /* BikePointAPI.swift in Sources */,
				40B2E1A15661288E8DECA673 /* CabwiseAPI.swift in Sources */,
				6B82E32C29698E26277132A8 /* JourneyAPI.swift in Sources */,
				C0EB2BEA472449A818F7CC91 /* LineAPI.swift in Sources */,
				AF38321970D86B162D83A506 /* ModeAPI.swift in Sources */,
				7978BDC98B55E04C90F34D44 /* OccupancyAPI.swift in Sources */,
				181FDDF378F7D0F69083A5A2 /* PlaceAPI.swift in Sources */,
				1259EC5A8058C83A96CD7C18 /* RoadAPI.swift in Sources */,
				891209850E092DD0951A3AA4 /* SearchAPI.swift in Sources */,
				6964122D0FC5F69010589A85 /* StopPointAPI.swift in Sources */,
				3DEE312ED6F1D3F1CE392A3B /* TravelTimeAPI.swift in Sources */,
				233BDFBA39F2A4D1398ABB50 /* VehicleAPI.swift in Sources */,
				638648FC7278F32D0E6CB625 /* APIs.swift in Sources */,
				4D40A1CEA9E6F4650CBF170B /* Extensions.swift in Sources */,
				21B2AF427FAB2089C28FE5C6 /* AccidentDetail.swift in Sources */,
				1DE2F7046B5771FAF0D8FD80 /* AccidentStatsOrderedSummary.swift in Sources */,
				BDACFCD1E1F95FC8C2E92275 /* ActiveServiceType.swift in Sources */,
				DFD2D8E729B63E812E5B79D1 /* AdditionalProperties.swift in Sources */,
				5F4E57C18B892B1A52B82B9E /* ApiVersionInfo.swift in Sources */,
				E90D08A3B686EC3FE448C75D /* Bay.swift in Sources */,
				35AA4D2FDECF5A54F51198CE /* CarParkOccupancy.swift in Sources */,
				D2D2C44B6DDDF840168C8AC6 /* Casualty.swift in Sources */,
				3E4092C56B16E0CB4321DBAE /* Coordinate.swift in Sources */,
				FAADFE5A307841116D4B55A9 /* Crowding.swift in Sources */,
				BB1B17DBAD3C0D25E4A2E9D5 /* CycleSuperhighway.swift in Sources */,
				3FD5BDA870BD402F4275939D /* DateRange.swift in Sources */,
				A6E903E9431FBD2E68165F37 /* DateRangeNullable.swift in Sources */,
				D0AC6362F3A49E68C6544BF3 /* DbGeography.swift in Sources */,
				666FFBB16093BFB44F8E4722 /* DbGeographyWellKnownValue.swift in Sources */,
				2160EA5D0141E730E97A0D80 /* Disambiguation.swift in Sources */,
				E42A56DFF033B596E373A6AF /* DisambiguationOption.swift in Sources */,
				64EAD7DBA2F9140C0BCC7CF1 /* DisruptedPoint.swift in Sources */,
				BF0B430C7A3B1B0BAFA98F1E /* Disruption.swift in Sources */,
				AE94E0191C07EEA1C9E29476 /* EmissionsSurchargeVehicle.swift in Sources */,
				3B6FA2332BA0C0714A0083E3 /* Fare.swift in Sources */,
				227A21E20ABC621E4B32071A /* FareBounds.swift in Sources */,
				29C9C885B081A35C256206B0 /* FareDetails.swift in Sources */,
				2677D0FC560F69E22009358D /* FaresMode.swift in Sources */,
				25234AB1DCEF33B59B347D49 /* FaresPeriod.swift in Sources */,
				90460C2F858BAF0ECDEE4BF3 /* FaresSection.swift in Sources */,
				DCCBCC3AC7EB7AE58C7C8473 /* GeoCodeSearchMatch.swift in Sources */,
				92E2F39052B56750D5060934 /* GeoPoint.swift in Sources */,
				0044A2EECDB7829D4C57F1EF /* GeoPointBBox.swift in Sources */,
				ADCBB88A9ECF0E0F86A6CFAB /* Identifier.swift in Sources */,
				EA25E5ECB9DF45EB0E2AEA76 /* Instruction.swift in Sources */,
				A4E0B8BCD90BB40561820DDF /* InstructionStep.swift in Sources */,
				B54BBA13F7D1F4D75404B45F /* Interval.swift in Sources */,
				9486B7D49F4815F4A6805A29 /* ItineraryResult.swift in Sources */,
				8ADFE340122D36D36216B169 /* Journey.swift in Sources */,
				C53796A46A3D8A997036A1C3 /* JourneyPlannerCycleHireDockingStationData.swift in Sources */,
				AB1D3784EFBC3B6584221BA9 /* JourneyVector.swift in Sources */,
				1738B4A259E008F4E5D6664C /* JpElevation.swift in Sources */,
				2C230ADC3FEB601AD7113BE4 /* KnownJourney.swift in Sources */,
				AA2D50C8C55AFFC56F2CCEA2 /* Leg.swift in Sources */,
				0D48FE2CA2FE045AF5CD7731 /* Line.swift in Sources */,
				B64BC37CFFA4F698DF55348A /* LineGroup.swift in Sources */,
				67B156684F1EFB0BA6C6F998 /* LineModeGroup.swift in Sources */,
				C3B8808F079FA8BED5A95787 /* LineRouteSection.swift in Sources */,
				AFF36301206B8BD7702D5E3A /* LineServiceType.swift in Sources */,
				36BA3127F5D52FBC23F45E90 /* LineServiceTypeInfo.swift in Sources */,
				BC59C6F6E5E72C36254AB8DD /* LineSpecificServiceType.swift in Sources */,
				CC9C5FD6DA2041BB75C2108F /* LineStatus.swift in Sources */,
				9FD16A70642C5B0755BC4A06 /* MatchedRoute.swift in Sources */,
				FEF8B782EFA40C2102C07969 /* MatchedRouteSections.swift in Sources */,
				A080233095240989CFE4C797 /* MatchedStop.swift in Sources */,
				091807C83E1C7871B42D7296 /* Message.swift in Sources */,
				44A937AAF4A95C0C07F3B6E2 /* Mode.swift in Sources */,
				25AF0E1414F4E63DB2F80210 /* Object.swift in Sources */,
				5638E01154CD71014D3564A2 /* Obstacle.swift in Sources */,
				A3B176D62ADA9FE617F313AE /* OrderedRoute.swift in Sources */,
				3291358324FE773F2F8E24A6 /* PassengerFlow.swift in Sources */,
				E57DA345211D506CB043813F /* PassengerType.swift in Sources */,
				F7FD92708CDC14F7906415BC /* Path.swift in Sources */,
				5D3CA8DBF6F543E813CEF746 /* PathAttribute.swift in Sources */,
				F109D5F8F2777FAF25B4D949 /* Period.swift in Sources */,
				ACD2BB9F9E6B0FA161D6302A /* Place.swift in Sources */,
				E48634209727E5675AB3FFC1 /* PlaceCategory.swift in Sources */,
				0B6DF196B67760C1F4A3FBEE /* PlacePolygon.swift in Sources */,
				D0FB36DDD767537A0BE3C8C2 /* PlannedWork.swift in Sources */,
				536D79D3160E6095F3BB41FD /* Point.swift in Sources */,
				31AF05DBCDD5D581B03FBE83 /* PostcodeInput.swift in Sources */,
				92E0876009BAC54CFAA81088 /* Prediction.swift in Sources */,
				FACF18780C005D95F23EE6E9 /* PredictionTiming.swift in Sources */,
				2B01B944C2C7CDCEC8A63A4E /* Recommendation.swift in Sources */,
				58753A3BCC0A037EFC73EC7C /* RecommendationResponse.swift in Sources */,
				28484DCA4046D78B00A53BE2 /* Redirect.swift in Sources */,
				899BD7AD2E100DBB8D338773 /* RoadCorridor.swift in Sources */,
				E40C4D28FFDF691836D177CB /* RoadDisruption.swift in Sources */,
				0DAC927AB902C6BE94C86D73 /* RoadDisruptionImpactArea.swift in Sources */,
				A9BA8DE2176AB39938AD681B /* RoadDisruptionLine.swift in Sources */,
				5CF9A719BABA563A1A5362A3 /* RoadDisruptionSchedule.swift in Sources */,
				5183031AEF66977A2A5F17F1 /* RoadProject.swift in Sources */,
				CC665E0D438CCCBDE017755B /* RouteOption.swift in Sources */,
				CBF73D1F33B262DF9968F55D /* RouteSearchMatch.swift in Sources */,
				DF1DECAFD00632D8F31B7298 /* RouteSearchResponse.swift in Sources */,
				2D5C2531F2EA1E47C8258155 /* RouteSection.swift in Sources */,
				8BC16BD87A33DD781A7D2B94 /* RouteSectionNaptanEntrySequence.swift in Sources */,
				1D46AF8D4374F8614854A027 /* RouteSequence.swift in Sources */,
				36874995B6C87053093963F3 /* Schedule.swift in Sources */,
				3619E84BA0FAB03F31BB9DFF /* SearchCriteria.swift in Sources */,
				64CF6EC07164FC15917EBC67 /* SearchMatch.swift in Sources */,
				D5D6383F37BF63B901329228 /* SearchResponse.swift in Sources */,
				0A0A840A46E39F55F72D4594 /* ServiceFrequency.swift in Sources */,
				CADF48705FF330CFB89DD490 /* StationInterval.swift in Sources */,
				DADEEF9687CA6FCBDB7EA383 /* StatusSeverity.swift in Sources */,
				A8B488A492B7159E7E24C13A /* StopPoint.swift in Sources */,
				A1BA405100C096536D2858A7 /* StopPointCategory.swift in Sources */,
				F41CF37F0DC9E0E42699268D /* StopPointRouteSection.swift in Sources */,
				3188D72EC5AA94AC686EF943 /* StopPointSequence.swift in Sources */,
				CCB24CFD58EAA5AD3BC83733 /* StopPointsResponse.swift in Sources */,
				CC1103DE44E5F5427B6EDAB5 /* Street.swift in Sources */,
				DC024AC8D8F6DE34B8C2E772 /* StreetSegment.swift in Sources */,
				67137218884454AA22A14C14 /* Ticket.swift in Sources */,
				CF041C28A26DC9DA1EE187B6 /* TicketTime.swift in Sources */,
				41B5F9AD283FAAD463F10A87 /* TicketType.swift in Sources */,
				3FBD59786D128DE8A24392FE /* TimeAdjustment.swift in Sources */,
				6F905B98326E8D5F22B6300C /* TimeAdjustments.swift in Sources */,
				795EFB846480B60F98B63189 /* Timetable.swift in Sources */,
				F19B630088EE29095490AB79 /* TimetableResponse.swift in Sources */,
				BA26C24D36DE74BEFE45DE87 /* TimetableRoute.swift in Sources */,
				E8F36C5F4284D9CFFABFD5E7 /* TrainLoading.swift in Sources */,
				2FE674D537DD1838E30698EF /* TwentyFourHourClockTime.swift in Sources */,
				91BDEA65DF057A256E028B98 /* ValidityPeriod.swift in Sources */,
				995354C32CA9CBEF8EE20A63 /* Vehicle.swift in Sources */,
				516D5B1830BC76D681AAB881 /* Models.swift in Sources */,
			);
			runOnlyForDeploymentPostprocessing = 0;
		};
/* End PBXSourcesBuildPhase section */

/* Begin XCBuildConfiguration section */
		362C6714F7C98EEA220FC061 /* Debug */ = {
			isa = XCBuildConfiguration;
			buildSettings = {
				CODE_SIGN_IDENTITY = "";
				"CODE_SIGN_IDENTITY[sdk=iphoneos*]" = "iPhone Developer";
				CURRENT_PROJECT_VERSION = 1;
				DEBUG_INFORMATION_FORMAT = dwarf;
				DEFINES_MODULE = YES;
				DYLIB_COMPATIBILITY_VERSION = 1;
				DYLIB_CURRENT_VERSION = 1;
				DYLIB_INSTALL_NAME_BASE = "@rpath";
				ENABLE_STRICT_OBJC_MSGSEND = YES;
				GCC_NO_COMMON_BLOCKS = YES;
				INFOPLIST_FILE = Info/RxTfL.plist;
				INSTALL_PATH = "$(LOCAL_LIBRARY_DIR)/Frameworks";
				IPHONEOS_DEPLOYMENT_TARGET = 9.0;
				LD_RUNPATH_SEARCH_PATHS = "$(inherited) @executable_path/Frameworks @loader_path/Frameworks";
				MACOSX_DEPLOYMENT_TARGET = 10.11;
				MTL_ENABLE_DEBUG_INFO = YES;
				PRODUCT_BUNDLE_IDENTIFIER = com.simonrice.RxTfL;
				PRODUCT_NAME = "$(TARGET_NAME)";
				SDKROOT = iphoneos;
				SKIP_INSTALL = YES;
				SWIFT_ACTIVE_COMPILATION_CONDITIONS = DEBUG;
				SWIFT_OPTIMIZATION_LEVEL = "-Onone";
				SWIFT_VERSION = 3.0.1;
				TARGETED_DEVICE_FAMILY = "1,2,3,4";
				TVOS_DEPLOYMENT_TARGET = 9.0;
				VERSIONING_SYSTEM = "apple-generic";
				VERSION_INFO_PREFIX = "";
				WATCHOS_DEPLOYMENT_TARGET = 2.0;
			};
			name = Debug;
		};
		4569536A8901DF0E30A4CED5 /* Debug */ = {
			isa = XCBuildConfiguration;
			buildSettings = {
				ALWAYS_SEARCH_USER_PATHS = NO;
				CLANG_ANALYZER_NONNULL = YES;
				CLANG_ANALYZER_NUMBER_OBJECT_CONVERSION = YES;
				CLANG_CXX_LANGUAGE_STANDARD = "gnu++0x";
				CLANG_CXX_LIBRARY = "libc++";
				CLANG_ENABLE_MODULES = YES;
				CLANG_ENABLE_OBJC_ARC = YES;
				CLANG_WARN_BOOL_CONVERSION = YES;
				CLANG_WARN_CONSTANT_CONVERSION = YES;
				CLANG_WARN_DIRECT_OBJC_ISA_USAGE = YES_ERROR;
				CLANG_WARN_DOCUMENTATION_COMMENTS = YES;
				CLANG_WARN_EMPTY_BODY = YES;
				CLANG_WARN_ENUM_CONVERSION = YES;
				CLANG_WARN_INFINITE_RECURSION = YES;
				CLANG_WARN_INT_CONVERSION = YES;
				CLANG_WARN_OBJC_ROOT_CLASS = YES_ERROR;
				CLANG_WARN_SUSPICIOUS_MOVE = YES;
				CLANG_WARN_UNREACHABLE_CODE = YES;
				CLANG_WARN__DUPLICATE_METHOD_MATCH = YES;
				"CODE_SIGN_IDENTITY[sdk=iphoneos*]" = "iPhone Developer";
				COPY_PHASE_STRIP = NO;
				CURRENT_PROJECT_VERSION = 1;
				DEBUG_INFORMATION_FORMAT = dwarf;
				ENABLE_STRICT_OBJC_MSGSEND = YES;
				ENABLE_TESTABILITY = YES;
				"FRAMEWORK_SEARCH_PATHS[sdk=appletvos*]" = "$(SRCROOT)/Carthage/Build/tvOS";
				"FRAMEWORK_SEARCH_PATHS[sdk=appletvsimulator*]" = "$(SRCROOT)/Carthage/Build/tvOS";
				"FRAMEWORK_SEARCH_PATHS[sdk=iphoneos*]" = "$(SRCROOT)/Carthage/Build/iOS";
				"FRAMEWORK_SEARCH_PATHS[sdk=iphonesimulator*]" = "$(SRCROOT)/Carthage/Build/iOS";
				"FRAMEWORK_SEARCH_PATHS[sdk=macosx*]" = "$(SRCROOT)/Carthage/Build/Mac";
				"FRAMEWORK_SEARCH_PATHS[sdk=watchos*]" = "$(SRCROOT)/Carthage/Build/watchOS";
				"FRAMEWORK_SEARCH_PATHS[sdk=watchsimulator*]" = "$(SRCROOT)/Carthage/Build/watchOS";
				GCC_C_LANGUAGE_STANDARD = gnu99;
				GCC_DYNAMIC_NO_PIC = NO;
				GCC_NO_COMMON_BLOCKS = YES;
				GCC_OPTIMIZATION_LEVEL = 0;
				GCC_PREPROCESSOR_DEFINITIONS = (
					"DEBUG=1",
					"$(inherited)",
				);
				GCC_SYMBOLS_PRIVATE_EXTERN = NO;
				GCC_WARN_64_TO_32_BIT_CONVERSION = YES;
				GCC_WARN_ABOUT_RETURN_TYPE = YES_ERROR;
				GCC_WARN_UNDECLARED_SELECTOR = YES;
				GCC_WARN_UNINITIALIZED_AUTOS = YES_AGGRESSIVE;
				GCC_WARN_UNUSED_FUNCTION = YES;
				GCC_WARN_UNUSED_VARIABLE = YES;
				IPHONEOS_DEPLOYMENT_TARGET = 9.0;
				ONLY_ACTIVE_ARCH = YES;
				SUPPORTED_PLATFORMS = "macosx iphoneos iphonesimulator appletvos appletvsimulator watchos watchsimulator";
				SWIFT_OPTIMIZATION_LEVEL = "-Onone";
				TARGETED_DEVICE_FAMILY = "1,2,3,4";
				VERSIONING_SYSTEM = "apple-generic";
			};
			name = Debug;
		};
		F24B546DEFF71CACE1D33C91 /* Release */ = {
			isa = XCBuildConfiguration;
			buildSettings = {
				CODE_SIGN_IDENTITY = "";
				"CODE_SIGN_IDENTITY[sdk=iphoneos*]" = "iPhone Developer";
				CURRENT_PROJECT_VERSION = 1;
				DEBUG_INFORMATION_FORMAT = "dwarf-with-dsym";
				DEFINES_MODULE = YES;
				DYLIB_COMPATIBILITY_VERSION = 1;
				DYLIB_CURRENT_VERSION = 1;
				DYLIB_INSTALL_NAME_BASE = "@rpath";
				ENABLE_STRICT_OBJC_MSGSEND = YES;
				GCC_NO_COMMON_BLOCKS = YES;
				INFOPLIST_FILE = Info/RxTfL.plist;
				INSTALL_PATH = "$(LOCAL_LIBRARY_DIR)/Frameworks";
				IPHONEOS_DEPLOYMENT_TARGET = 9.0;
				LD_RUNPATH_SEARCH_PATHS = "$(inherited) @executable_path/Frameworks @loader_path/Frameworks";
				MACOSX_DEPLOYMENT_TARGET = 10.11;
				MTL_ENABLE_DEBUG_INFO = NO;
				PRODUCT_BUNDLE_IDENTIFIER = com.simonrice.RxTfL;
				PRODUCT_NAME = "$(TARGET_NAME)";
				SDKROOT = iphoneos;
				SKIP_INSTALL = YES;
				SWIFT_OPTIMIZATION_LEVEL = "-Owholemodule";
				SWIFT_VERSION = 3.0.1;
				TARGETED_DEVICE_FAMILY = "1,2,3,4";
				TVOS_DEPLOYMENT_TARGET = 9.0;
				VERSIONING_SYSTEM = "apple-generic";
				VERSION_INFO_PREFIX = "";
				WATCHOS_DEPLOYMENT_TARGET = 2.0;
			};
			name = Release;
		};
		F829A561680190BA0F5C2C0F /* Release */ = {
			isa = XCBuildConfiguration;
			buildSettings = {
				ALWAYS_SEARCH_USER_PATHS = NO;
				CLANG_ANALYZER_NONNULL = YES;
				CLANG_ANALYZER_NUMBER_OBJECT_CONVERSION = YES;
				CLANG_CXX_LANGUAGE_STANDARD = "gnu++0x";
				CLANG_CXX_LIBRARY = "libc++";
				CLANG_ENABLE_MODULES = YES;
				CLANG_ENABLE_OBJC_ARC = YES;
				CLANG_WARN_BOOL_CONVERSION = YES;
				CLANG_WARN_CONSTANT_CONVERSION = YES;
				CLANG_WARN_DIRECT_OBJC_ISA_USAGE = YES_ERROR;
				CLANG_WARN_DOCUMENTATION_COMMENTS = YES;
				CLANG_WARN_EMPTY_BODY = YES;
				CLANG_WARN_ENUM_CONVERSION = YES;
				CLANG_WARN_INFINITE_RECURSION = YES;
				CLANG_WARN_INT_CONVERSION = YES;
				CLANG_WARN_OBJC_ROOT_CLASS = YES_ERROR;
				CLANG_WARN_SUSPICIOUS_MOVE = YES;
				CLANG_WARN_UNREACHABLE_CODE = YES;
				CLANG_WARN__DUPLICATE_METHOD_MATCH = YES;
				"CODE_SIGN_IDENTITY[sdk=iphoneos*]" = "iPhone Developer";
				COPY_PHASE_STRIP = YES;
				CURRENT_PROJECT_VERSION = 1;
				DEBUG_INFORMATION_FORMAT = "dwarf-with-dsym";
				ENABLE_NS_ASSERTIONS = NO;
				ENABLE_STRICT_OBJC_MSGSEND = YES;
				"FRAMEWORK_SEARCH_PATHS[sdk=appletvos*]" = "$(SRCROOT)/Carthage/Build/tvOS";
				"FRAMEWORK_SEARCH_PATHS[sdk=appletvsimulator*]" = "$(SRCROOT)/Carthage/Build/tvOS";
				"FRAMEWORK_SEARCH_PATHS[sdk=iphoneos*]" = "$(SRCROOT)/Carthage/Build/iOS";
				"FRAMEWORK_SEARCH_PATHS[sdk=iphonesimulator*]" = "$(SRCROOT)/Carthage/Build/iOS";
				"FRAMEWORK_SEARCH_PATHS[sdk=macosx*]" = "$(SRCROOT)/Carthage/Build/Mac";
				"FRAMEWORK_SEARCH_PATHS[sdk=watchos*]" = "$(SRCROOT)/Carthage/Build/watchOS";
				"FRAMEWORK_SEARCH_PATHS[sdk=watchsimulator*]" = "$(SRCROOT)/Carthage/Build/watchOS";
				GCC_C_LANGUAGE_STANDARD = gnu99;
				GCC_NO_COMMON_BLOCKS = YES;
				GCC_WARN_64_TO_32_BIT_CONVERSION = YES;
				GCC_WARN_ABOUT_RETURN_TYPE = YES_ERROR;
				GCC_WARN_UNDECLARED_SELECTOR = YES;
				GCC_WARN_UNINITIALIZED_AUTOS = YES_AGGRESSIVE;
				GCC_WARN_UNUSED_FUNCTION = YES;
				GCC_WARN_UNUSED_VARIABLE = YES;
				IPHONEOS_DEPLOYMENT_TARGET = 9.0;
				SUPPORTED_PLATFORMS = "macosx iphoneos iphonesimulator appletvos appletvsimulator watchos watchsimulator";
				SWIFT_OPTIMIZATION_LEVEL = "-Owholemodule";
				TARGETED_DEVICE_FAMILY = "1,2,3,4";
				VALIDATE_PRODUCT = YES;
				VERSIONING_SYSTEM = "apple-generic";
			};
			name = Release;
		};
/* End XCBuildConfiguration section */

/* Begin XCConfigurationList section */
		4F79666172C90CD681473AB5 /* Build configuration list for PBXProject "RxTfL" */ = {
			isa = XCConfigurationList;
			buildConfigurations = (
				4569536A8901DF0E30A4CED5 /* Debug */,
				F829A561680190BA0F5C2C0F /* Release */,
			);
			defaultConfigurationIsVisible = 0;
			defaultConfigurationName = Release;
		};
		DAF8342CE457A2A5C7E6FFE6 /* Build configuration list for PBXNativeTarget "RxTfL" */ = {
			isa = XCConfigurationList;
			buildConfigurations = (
				362C6714F7C98EEA220FC061 /* Debug */,
				F24B546DEFF71CACE1D33C91 /* Release */,
			);
			defaultConfigurationIsVisible = 0;
			defaultConfigurationName = Release;
		};
/* End XCConfigurationList section */
	};
	rootObject = 647CAEAF40190B70BB49114B /* Project object */;
}
