// !$*UTF8*$!
{
	archiveVersion = "";
	classes = "";
	objectVersion = 46;
	objects = {

/* Begin PBXBuildFile section */
		005FD61E259BB253348E6A1E /* RoadDisruptionLine.swift in Sources */ = {isa = PBXBuildFile; fileRef = AE933F7DA176C22B2357B27C /* RoadDisruptionLine.swift */; };
		01129547265CC4E29ED4E71C /* AlamofireImplementations.swift in Sources */ = {isa = PBXBuildFile; fileRef = E1550C9B927DEEE7F1AF5FE3 /* AlamofireImplementations.swift */; };
		01F335147697A093175D5C62 /* BikePointAPI.swift in Sources */ = {isa = PBXBuildFile; fileRef = DDCE4032F0B2A2EDE00F49C1 /* BikePointAPI.swift */; };
		03020683BBCFC75E4A2206F5 /* FareDetails.swift in Sources */ = {isa = PBXBuildFile; fileRef = 6BF3E6443CC32BB824C9D33B /* FareDetails.swift */; };
		05624DB2CFDC78743D983FE7 /* SearchMatch.swift in Sources */ = {isa = PBXBuildFile; fileRef = F30A6ED734B9D01708BADE71 /* SearchMatch.swift */; };
		08316E90572F92CE88473E71 /* AdditionalProperties.swift in Sources */ = {isa = PBXBuildFile; fileRef = 45F5D6B1D4B7DA717D37D0FB /* AdditionalProperties.swift */; };
		084CC32D3BE4BBBFD34DC0D6 /* LineServiceTypeInfo.swift in Sources */ = {isa = PBXBuildFile; fileRef = 58A2090B950DF8535E019DE9 /* LineServiceTypeInfo.swift */; };
		0913A914E54D75A18D0F346C /* Crowding.swift in Sources */ = {isa = PBXBuildFile; fileRef = A514C33373DF8284C3D4AF3C /* Crowding.swift */; };
		0CCCCB24F938EFD344E09232 /* PostcodeInput.swift in Sources */ = {isa = PBXBuildFile; fileRef = EBD3B77BC3754C1109B212ED /* PostcodeInput.swift */; };
		0DBABD086F8E4661C5C48F17 /* FaresMode.swift in Sources */ = {isa = PBXBuildFile; fileRef = 1323CBC57D17F925A6451205 /* FaresMode.swift */; };
		0FF01D83AA9BDE6CD8350231 /* Journey.swift in Sources */ = {isa = PBXBuildFile; fileRef = 7F6078C874CFA2448E18B4C5 /* Journey.swift */; };
		10A66BDB2A14D3713F614083 /* PassengerFlow.swift in Sources */ = {isa = PBXBuildFile; fileRef = 38E66749345BD40CAB0DDAC2 /* PassengerFlow.swift */; };
		127FBDA73BF8F31A03D0CEA8 /* TrainLoading.swift in Sources */ = {isa = PBXBuildFile; fileRef = E5BC1C1567C76287258AA13D /* TrainLoading.swift */; };
		12E731F3A2B3D0E1B9FBB3E8 /* AccidentStatsAPI.swift in Sources */ = {isa = PBXBuildFile; fileRef = CBB9CC247ED680D542035212 /* AccidentStatsAPI.swift */; };
		15C10E16CB60B3D58A92F071 /* ActiveServiceType.swift in Sources */ = {isa = PBXBuildFile; fileRef = 02118D3F462B3B0AE5420806 /* ActiveServiceType.swift */; };
		176CACBC93A58CDBB70036F1 /* PathAttribute.swift in Sources */ = {isa = PBXBuildFile; fileRef = 7248546A199356D6CF055BAB /* PathAttribute.swift */; };
		2032284987341EA230C47644 /* RouteSectionNaptanEntrySequence.swift in Sources */ = {isa = PBXBuildFile; fileRef = C151336AC424A4344977A4D5 /* RouteSectionNaptanEntrySequence.swift */; };
		22E04C97E2993D346D503AED /* AirQualityAPI.swift in Sources */ = {isa = PBXBuildFile; fileRef = 1B98D22CD2FB2000AAA1EDDB /* AirQualityAPI.swift */; };
		255EF98FD88B6A396E8E3F8E /* StopPoint.swift in Sources */ = {isa = PBXBuildFile; fileRef = 3B0D83739FC7E7D46BE9831F /* StopPoint.swift */; };
		28DE33E0D279C3F4FFA1D35B /* TimetableResponse.swift in Sources */ = {isa = PBXBuildFile; fileRef = F7E75347208D7D916BA379C7 /* TimetableResponse.swift */; };
		2E6C975F0D6E38C6F7B0B00A /* Identifier.swift in Sources */ = {isa = PBXBuildFile; fileRef = 3E3F5C377542A219CECCA456 /* Identifier.swift */; };
		328AF19B9BD7483CCE89C3C9 /* DbGeographyWellKnownValue.swift in Sources */ = {isa = PBXBuildFile; fileRef = BCF8E314B9FCAFB1A156124D /* DbGeographyWellKnownValue.swift */; };
		338AD330B6AA6BC3A038BE6A /* FaresPeriod.swift in Sources */ = {isa = PBXBuildFile; fileRef = 103D8C25D6B841B580F9E205 /* FaresPeriod.swift */; };
		3445E01E2BD11DEAF5077869 /* RoadDisruptionSchedule.swift in Sources */ = {isa = PBXBuildFile; fileRef = EF1D6E282745655B210049E0 /* RoadDisruptionSchedule.swift */; };
		3471A903B66C9B17AE1D3C5D /* LineRouteSection.swift in Sources */ = {isa = PBXBuildFile; fileRef = A0C8A4BFBF053365ED728CE6 /* LineRouteSection.swift */; };
		385836B076A117B3F20878C4 /* MatchedRoute.swift in Sources */ = {isa = PBXBuildFile; fileRef = 6D60AA1BD836758E69257ED5 /* MatchedRoute.swift */; };
		3D3505D0BC449EC8BBF7CA5C /* GeoPointBBox.swift in Sources */ = {isa = PBXBuildFile; fileRef = BCA0B4C97F55A110C17409C1 /* GeoPointBBox.swift */; };
		3D6D937B7D3D2163937B8E19 /* TimeAdjustment.swift in Sources */ = {isa = PBXBuildFile; fileRef = FE5D939E66338364EE11F89C /* TimeAdjustment.swift */; };
		3DBA6E67A20032533B5CA91B /* FareBounds.swift in Sources */ = {isa = PBXBuildFile; fileRef = FC6E9CDDAC46958113A838C5 /* FareBounds.swift */; };
		3EAF119F47AFE37D29B61CFC /* Instruction.swift in Sources */ = {isa = PBXBuildFile; fileRef = 62DD0EA2E35082ED24EECE09 /* Instruction.swift */; };
		3EB83291A8F5C1730027799B /* Extensions.swift in Sources */ = {isa = PBXBuildFile; fileRef = CEDCFA3CF15A10B80E043486 /* Extensions.swift */; };
		44885E69A3A8D40082034A92 /* Place.swift in Sources */ = {isa = PBXBuildFile; fileRef = 3835EC10B8C5803403C92CA8 /* Place.swift */; };
		4556E885B75716D85B71041A /* APIHelper.swift in Sources */ = {isa = PBXBuildFile; fileRef = 727D2226BBFEB0D9A8CC998B /* APIHelper.swift */; };
		45640E5CA8D9210C1D9EF2DA /* StopPointsResponse.swift in Sources */ = {isa = PBXBuildFile; fileRef = FBB1BAB03B5D1621DE00139A /* StopPointsResponse.swift */; };
		478806B51849FC80DD335297 /* LineStatus.swift in Sources */ = {isa = PBXBuildFile; fileRef = 6900E26B87D7560810D3EF0C /* LineStatus.swift */; };
		49862376CC2C98DE99573FC4 /* GeoCodeSearchMatch.swift in Sources */ = {isa = PBXBuildFile; fileRef = E5B2084FDD578E491AE6E275 /* GeoCodeSearchMatch.swift */; };
		4B62CF77CE8EA0E2BF4FFAA5 /* PlacePolygon.swift in Sources */ = {isa = PBXBuildFile; fileRef = 4491F7203CDCA7CC2C1BE4B9 /* PlacePolygon.swift */; };
		4C0D29BB9A1AD3F7BF228D23 /* RoadAPI.swift in Sources */ = {isa = PBXBuildFile; fileRef = 5006FDEE51D43614EF55AFA0 /* RoadAPI.swift */; };
		4C13EE115F7B2DAE30FB67B9 /* TicketType.swift in Sources */ = {isa = PBXBuildFile; fileRef = 5AD0885AD6337E0C996DB008 /* TicketType.swift */; };
		4D92B46AD8124DBF145FFF5D /* Point.swift in Sources */ = {isa = PBXBuildFile; fileRef = 5381F6A48B5175F1085E4AB1 /* Point.swift */; };
		513E1C61273663D42A87119A /* StationInterval.swift in Sources */ = {isa = PBXBuildFile; fileRef = 31689E33D7182485A09AD04C /* StationInterval.swift */; };
		5393FEAA989821721ACE28A4 /* Ticket.swift in Sources */ = {isa = PBXBuildFile; fileRef = ED189D03C93DBD6BDD8BAC40 /* Ticket.swift */; };
		53AAD5CA3D0DFDBD550A93EA /* TwentyFourHourClockTime.swift in Sources */ = {isa = PBXBuildFile; fileRef = 3F4B61AD6191E8D5C6045E9A /* TwentyFourHourClockTime.swift */; };
		5475FC0CF0E87B94987FA5E8 /* Prediction.swift in Sources */ = {isa = PBXBuildFile; fileRef = E2F981CB8FDD74B45F657A08 /* Prediction.swift */; };
		58527D3D111DC7190E646745 /* Casualty.swift in Sources */ = {isa = PBXBuildFile; fileRef = 72258827CE1AFDFB33912332 /* Casualty.swift */; };
		587697C091335C48A7D81D2F /* StreetSegment.swift in Sources */ = {isa = PBXBuildFile; fileRef = 8B90873B345BC11E6FC70275 /* StreetSegment.swift */; };
		58DD98F2B4FCD8D416535F1C /* Foundation.framework in Frameworks */ = {isa = PBXBuildFile; fileRef = A01EA5CF152C24D87C035ADC /* Foundation.framework */; };
		5C428714AB8AD82031A2490E /* RouteOption.swift in Sources */ = {isa = PBXBuildFile; fileRef = 96FFD34977ED0A77EA843DAC /* RouteOption.swift */; };
		5C774819B3AE773751AA7EB7 /* AccidentStatsOrderedSummary.swift in Sources */ = {isa = PBXBuildFile; fileRef = 361617DEDEE299CDB857AA02 /* AccidentStatsOrderedSummary.swift */; };
		5C8A7F775F355856B2106CC1 /* LineSpecificServiceType.swift in Sources */ = {isa = PBXBuildFile; fileRef = C4DE5A0A4B09B9D8163611EE /* LineSpecificServiceType.swift */; };
		5C99B656AF43D8EC9087F0EB /* VehicleAPI.swift in Sources */ = {isa = PBXBuildFile; fileRef = 0417E49EFC7DE02051AB73DD /* VehicleAPI.swift */; };
		60228F8ABD13730C19FA2523 /* Fare.swift in Sources */ = {isa = PBXBuildFile; fileRef = 561EB7E93EB69B6EDDA967E0 /* Fare.swift */; };
		602A76DD1DF09928C00BA062 /* CycleSuperhighway.swift in Sources */ = {isa = PBXBuildFile; fileRef = 822A727C12B27D796C836E07 /* CycleSuperhighway.swift */; };
		60BA69AF868934442D5011EC /* MatchedStop.swift in Sources */ = {isa = PBXBuildFile; fileRef = 445C362A0D09A70652FB380C /* MatchedStop.swift */; };
		60DBF632AE192D9A4CCB75FA /* Coordinate.swift in Sources */ = {isa = PBXBuildFile; fileRef = 1C95A8F7E828F26497F93523 /* Coordinate.swift */; };
		61E7AB8E792B6BECCD71C6A0 /* SearchAPI.swift in Sources */ = {isa = PBXBuildFile; fileRef = BB7A251FBD7ED63BC161B110 /* SearchAPI.swift */; };
		62E04660E514E5430C2EA7C6 /* SearchResponse.swift in Sources */ = {isa = PBXBuildFile; fileRef = 2B63F0C1D0F66D9E06CE5160 /* SearchResponse.swift */; };
		62FA4F3EC6BC72662C3A84CD /* ItineraryResult.swift in Sources */ = {isa = PBXBuildFile; fileRef = 49B16EB12F998803CDB3832F /* ItineraryResult.swift */; };
		63299605A3341CCF9405BB8D /* PassengerType.swift in Sources */ = {isa = PBXBuildFile; fileRef = 9C689FEBBF20A46C01DB8C5E /* PassengerType.swift */; };
		645AA9A3C3D85739A132B083 /* PlaceCategory.swift in Sources */ = {isa = PBXBuildFile; fileRef = EA1813C25405C9A8D7654F64 /* PlaceCategory.swift */; };
		6528671C3F24D95337546A9B /* ValidityPeriod.swift in Sources */ = {isa = PBXBuildFile; fileRef = 63BDE806F1456E1C029CCB56 /* ValidityPeriod.swift */; };
		655416FFB33BE93DC0991BE2 /* StopPointSequence.swift in Sources */ = {isa = PBXBuildFile; fileRef = ECEC9B635C7984529E3CFEBC /* StopPointSequence.swift */; };
		6B4D7852E6C94C5019113690 /* SearchCriteria.swift in Sources */ = {isa = PBXBuildFile; fileRef = AA04B0C1D5554179381DA365 /* SearchCriteria.swift */; };
		6B5A2CD382C86CCA41636DFA /* Period.swift in Sources */ = {isa = PBXBuildFile; fileRef = 3A4EB872FE7029BD0397970E /* Period.swift */; };
		6C06C2E8C0BED127B903B07C /* RouteSection.swift in Sources */ = {isa = PBXBuildFile; fileRef = C1231276D07236DC75B482D5 /* RouteSection.swift */; };
		6F26828784DE5EAF55A0DD47 /* DisambiguationOption.swift in Sources */ = {isa = PBXBuildFile; fileRef = C31D3D949134008458C208F9 /* DisambiguationOption.swift */; };
		702936C89022F28E709BC638 /* KnownJourney.swift in Sources */ = {isa = PBXBuildFile; fileRef = A748B5B658DA963849BCA252 /* KnownJourney.swift */; };
		7314D2A0609416465ADF1D30 /* DbGeography.swift in Sources */ = {isa = PBXBuildFile; fileRef = 04F2A5940140279742B13C86 /* DbGeography.swift */; };
		73A839B46FC48135A063F546 /* RoadProject.swift in Sources */ = {isa = PBXBuildFile; fileRef = B27F4891AEB473D089A536B8 /* RoadProject.swift */; };
		749FF1686D376DD9248C7861 /* RouteSearchMatch.swift in Sources */ = {isa = PBXBuildFile; fileRef = 89873B4C2A0738A04523507D /* RouteSearchMatch.swift */; };
		75C168AFA834C2BC30AA7531 /* LineGroup.swift in Sources */ = {isa = PBXBuildFile; fileRef = 453FF05E2370EA175D14D11F /* LineGroup.swift */; };
		76A6BD84B94488A53244BD93 /* RoadDisruption.swift in Sources */ = {isa = PBXBuildFile; fileRef = EF6FC3C999B176B10228525E /* RoadDisruption.swift */; };
		77D3DB8AF0313C7C5F7A70E6 /* Mode.swift in Sources */ = {isa = PBXBuildFile; fileRef = 532CA875F6D309C5362182E3 /* Mode.swift */; };
		7981A9164E3A8600BF4D232D /* Message.swift in Sources */ = {isa = PBXBuildFile; fileRef = EC0A38C540EC18F228D831F5 /* Message.swift */; };
		7D705F21141E53C5CCEBC053 /* DateRangeNullable.swift in Sources */ = {isa = PBXBuildFile; fileRef = 3ABAF23C09BE24C8D66A87B6 /* DateRangeNullable.swift */; };
		844F78229496CA25A30AB073 /* ServiceFrequency.swift in Sources */ = {isa = PBXBuildFile; fileRef = 91F488CF6AE03D47BFA6F88E /* ServiceFrequency.swift */; };
		846F3A861BE142CF7637C9DE /* JourneyVector.swift in Sources */ = {isa = PBXBuildFile; fileRef = 1E8E032121E1AE25C9E7A508 /* JourneyVector.swift */; };
		854C1F559E191E4E5B40E30B /* CarParkOccupancy.swift in Sources */ = {isa = PBXBuildFile; fileRef = 1B34C936717A037FC7326563 /* CarParkOccupancy.swift */; };
		8908CABBF0D91DAA31D71935 /* Line.swift in Sources */ = {isa = PBXBuildFile; fileRef = 12D5949A75DE91A9A7BD88E9 /* Line.swift */; };
		8A96BF2274F5E5B4A7938179 /* APIs.swift in Sources */ = {isa = PBXBuildFile; fileRef = B206472DF50454DBEC558C76 /* APIs.swift */; };
		8C5D5194E9D9D88650D228D6 /* RoadDisruptionImpactArea.swift in Sources */ = {isa = PBXBuildFile; fileRef = 6C49CCE6DA7A8FA051511ABC /* RoadDisruptionImpactArea.swift */; };
		933B24A1DE55828364E047FF /* Object.swift in Sources */ = {isa = PBXBuildFile; fileRef = 309EB3E939B8F0CBAB0CE9BA /* Object.swift */; };
		93954FD94FF5BE9799826110 /* StatusSeverity.swift in Sources */ = {isa = PBXBuildFile; fileRef = 7917EA4365B292BA07EEE9F9 /* StatusSeverity.swift */; };
		94A0FEB8367DFFB9E29D18BD /* JpElevation.swift in Sources */ = {isa = PBXBuildFile; fileRef = 630EE5699432269F833E6824 /* JpElevation.swift */; };
		9CD8A2B7A91B8246C1950CBC /* Vehicle.swift in Sources */ = {isa = PBXBuildFile; fileRef = 8C7287A187799C8BE76F218E /* Vehicle.swift */; };
		A2A7EB3DE204B67C07E32991 /* ModeAPI.swift in Sources */ = {isa = PBXBuildFile; fileRef = DD85BB1AA701C52586E8F3F5 /* ModeAPI.swift */; };
		A3EB4AEFB915EA8DE8532AE5 /* Disambiguation.swift in Sources */ = {isa = PBXBuildFile; fileRef = 78C24BFBBAE54D6D085A2B92 /* Disambiguation.swift */; };
		A51607DDC7C89AC94F5503A4 /* Street.swift in Sources */ = {isa = PBXBuildFile; fileRef = ADE8EA63C9AE77DC2550BF14 /* Street.swift */; };
		A608437D0CB38DBCAB69847B /* DateRange.swift in Sources */ = {isa = PBXBuildFile; fileRef = E7A7E74B99D45D747C7F1C5A /* DateRange.swift */; };
		A66FF6F1A811C0D63923BDF6 /* Leg.swift in Sources */ = {isa = PBXBuildFile; fileRef = 9BEC6A94A725EF1CD537ADA5 /* Leg.swift */; };
		A73FB85656001B9A7B14C103 /* TimeAdjustments.swift in Sources */ = {isa = PBXBuildFile; fileRef = 6E4FB6881B20A0C1D1B84695 /* TimeAdjustments.swift */; };
		A8D0788B8FFA2480FB4F0506 /* TicketTime.swift in Sources */ = {isa = PBXBuildFile; fileRef = DCF7E3A6DCE3DE537C661FC9 /* TicketTime.swift */; };
		AB7C6D1D36EFCD314D530555 /* PredictionTiming.swift in Sources */ = {isa = PBXBuildFile; fileRef = D8462763BAC639B49B5F7A59 /* PredictionTiming.swift */; };
		AD7089A8ED63C3D167B2F3AA /* CabwiseAPI.swift in Sources */ = {isa = PBXBuildFile; fileRef = 3B51C0A8B68308CDCC573918 /* CabwiseAPI.swift */; };
		AEACE2FE761842862D8A9EBC /* Interval.swift in Sources */ = {isa = PBXBuildFile; fileRef = 7732DD65E460F3383056767E /* Interval.swift */; };
		B35CC18A1404A30D93DBC4C1 /* Recommendation.swift in Sources */ = {isa = PBXBuildFile; fileRef = 97A6C8ADA2E528CCB3FC62C9 /* Recommendation.swift */; };
		B5F240A658B99421F65DBDE6 /* FaresSection.swift in Sources */ = {isa = PBXBuildFile; fileRef = E40616BC97518343946732CD /* FaresSection.swift */; };
		B6FF4E916CD2CAD2965A06EE /* JourneyAPI.swift in Sources */ = {isa = PBXBuildFile; fileRef = 8884B3F6610B32AE7A01E320 /* JourneyAPI.swift */; };
		B79958598970B63CA8D93387 /* DisruptedPoint.swift in Sources */ = {isa = PBXBuildFile; fileRef = 73106C0D5BF61487984807BD /* DisruptedPoint.swift */; };
		BB5F48D4D6B4BCA2461DC7AD /* LineServiceType.swift in Sources */ = {isa = PBXBuildFile; fileRef = 75422E588EF589871F8641B3 /* LineServiceType.swift */; };
		BFD10C6906FC16B91C8FF72B /* Models.swift in Sources */ = {isa = PBXBuildFile; fileRef = 2B67707C6EEF997C4CEF8341 /* Models.swift */; };
		C3F2495CDCD03EC322B98905 /* JourneyPlannerCycleHireDockingStationData.swift in Sources */ = {isa = PBXBuildFile; fileRef = 7AEB1EF3740906D627D9E150 /* JourneyPlannerCycleHireDockingStationData.swift */; };
		CA720825A3D57B1074AE0C21 /* Bay.swift in Sources */ = {isa = PBXBuildFile; fileRef = 018E3FFD8F9D7F431738DD63 /* Bay.swift */; };
		CB9CA25F107870F0A07F7D91 /* RouteSequence.swift in Sources */ = {isa = PBXBuildFile; fileRef = 48FB2566B9C1B197595666E7 /* RouteSequence.swift */; };
		CC397DE3B2BC017C12E768B8 /* LineModeGroup.swift in Sources */ = {isa = PBXBuildFile; fileRef = 4E90C5E5CB0E71100B5EE1EE /* LineModeGroup.swift */; };
		CCC76D00AB3EFD2965A33693 /* Schedule.swift in Sources */ = {isa = PBXBuildFile; fileRef = CE3E2131ED7DEFF64773E4EC /* Schedule.swift */; };
		CFA2C046D3628B397B78AA69 /* ApiVersionInfo.swift in Sources */ = {isa = PBXBuildFile; fileRef = 02D0C7B51A9622FF740C2654 /* ApiVersionInfo.swift */; };
		D0AFD5B7333341726CF18F96 /* PlaceAPI.swift in Sources */ = {isa = PBXBuildFile; fileRef = 276CD5BC75F6B8CAC585E287 /* PlaceAPI.swift */; };
		D13D7E33A8E1A37439C14C5A /* Disruption.swift in Sources */ = {isa = PBXBuildFile; fileRef = 4F02486A0DC4AB5C860FB555 /* Disruption.swift */; };
		D3CE58D4C674FC2664B87088 /* TravelTimeAPI.swift in Sources */ = {isa = PBXBuildFile; fileRef = 902CAEBD6068292B0F39803C /* TravelTimeAPI.swift */; };
		D7E1C2C8F2C0BB1CA4BF1E10 /* OrderedRoute.swift in Sources */ = {isa = PBXBuildFile; fileRef = D82942DEE25AD449775FDDB9 /* OrderedRoute.swift */; };
		DAD794F71E3F31566D1FEB09 /* GeoPoint.swift in Sources */ = {isa = PBXBuildFile; fileRef = 1C466614E80DCBB365E685EC /* GeoPoint.swift */; };
		DD6A011805A56764A1FCE1D3 /* InstructionStep.swift in Sources */ = {isa = PBXBuildFile; fileRef = 8073C26D4836485D58E79D0E /* InstructionStep.swift */; };
		DE8DB57E996AC8DA31B5C2AE /* Redirect.swift in Sources */ = {isa = PBXBuildFile; fileRef = 7FDB041CF52F54E6C0F3B30E /* Redirect.swift */; };
		DF2F336456ADBE457D6BB142 /* StopPointCategory.swift in Sources */ = {isa = PBXBuildFile; fileRef = 7332DCEA6049DB87E6D4ABCB /* StopPointCategory.swift */; };
		E0D1A7837C520AC21DE7F528 /* MatchedRouteSections.swift in Sources */ = {isa = PBXBuildFile; fileRef = 3BAD942427F362A5876ABA80 /* MatchedRouteSections.swift */; };
		E13D525A2C5665738A41ACBE /* RoadCorridor.swift in Sources */ = {isa = PBXBuildFile; fileRef = 0024E6B1FCE3352DD9BE6121 /* RoadCorridor.swift */; };
		E9DE293424BB047FA92C036F /* Timetable.swift in Sources */ = {isa = PBXBuildFile; fileRef = 42155EA378B901B7ED69A9F5 /* Timetable.swift */; };
		EBBE708F9A68643C3D8E6766 /* RecommendationResponse.swift in Sources */ = {isa = PBXBuildFile; fileRef = 86D6E11E1E56B14E3BEC585B /* RecommendationResponse.swift */; };
		EE04A6239E0524B2C7B926B7 /* Path.swift in Sources */ = {isa = PBXBuildFile; fileRef = 04ED3084C6B584203BBB3987 /* Path.swift */; };
		F148E666CF2B76ACA162A961 /* AccidentDetail.swift in Sources */ = {isa = PBXBuildFile; fileRef = 38DF8326FDFA9275CD4E6B95 /* AccidentDetail.swift */; };
		F1FDD01E023B8F59A976A7F0 /* RouteSearchResponse.swift in Sources */ = {isa = PBXBuildFile; fileRef = E3AE6D6C0A072BFC5109F267 /* RouteSearchResponse.swift */; };
		F61D6431AC6FBC3B263E429F /* TimetableRoute.swift in Sources */ = {isa = PBXBuildFile; fileRef = E5BF7868B64BFDC977BB2B1F /* TimetableRoute.swift */; };
		F806328831597D89DE8F09A2 /* Obstacle.swift in Sources */ = {isa = PBXBuildFile; fileRef = 4D97C6DE8CE4964F32047445 /* Obstacle.swift */; };
		F94997CFA63200F88847A1B8 /* LineAPI.swift in Sources */ = {isa = PBXBuildFile; fileRef = 51713B2902F910F7839F4F0D /* LineAPI.swift */; };
		FAC586AB722C0735752C55CD /* StopPointAPI.swift in Sources */ = {isa = PBXBuildFile; fileRef = 9455652B49C87C43485B4EAB /* StopPointAPI.swift */; };
		FB0ADD4EBAA61A99A4CB9E7F /* OccupancyAPI.swift in Sources */ = {isa = PBXBuildFile; fileRef = BCEFA7CFBDA15D3CFADA4219 /* OccupancyAPI.swift */; };
		FC02C10AA7446C2945760D7B /* StopPointRouteSection.swift in Sources */ = {isa = PBXBuildFile; fileRef = 939333668EA6734DCD8154B7 /* StopPointRouteSection.swift */; };
		FC06810B3EFD05F75E87167B /* EmissionsSurchargeVehicle.swift in Sources */ = {isa = PBXBuildFile; fileRef = 89EA44187D2EB68EE03EC8F6 /* EmissionsSurchargeVehicle.swift */; };
		FD5C84BE573CBD3AF355962C /* PlannedWork.swift in Sources */ = {isa = PBXBuildFile; fileRef = 581413D8118734C214D317AC /* PlannedWork.swift */; };
/* End PBXBuildFile section */

/* Begin PBXFileReference section */
		0024E6B1FCE3352DD9BE6121 /* RoadCorridor.swift */ = {isa = PBXFileReference; includeInIndex = 1; lastKnownFileType = sourcecode.swift; path = RoadCorridor.swift; sourceTree = "<group>"; };
		018E3FFD8F9D7F431738DD63 /* Bay.swift */ = {isa = PBXFileReference; includeInIndex = 1; lastKnownFileType = sourcecode.swift; path = Bay.swift; sourceTree = "<group>"; };
		02118D3F462B3B0AE5420806 /* ActiveServiceType.swift */ = {isa = PBXFileReference; includeInIndex = 1; lastKnownFileType = sourcecode.swift; path = ActiveServiceType.swift; sourceTree = "<group>"; };
		02D0C7B51A9622FF740C2654 /* ApiVersionInfo.swift */ = {isa = PBXFileReference; includeInIndex = 1; lastKnownFileType = sourcecode.swift; path = ApiVersionInfo.swift; sourceTree = "<group>"; };
		0417E49EFC7DE02051AB73DD /* VehicleAPI.swift */ = {isa = PBXFileReference; includeInIndex = 1; lastKnownFileType = sourcecode.swift; path = VehicleAPI.swift; sourceTree = "<group>"; };
		04ED3084C6B584203BBB3987 /* Path.swift */ = {isa = PBXFileReference; includeInIndex = 1; lastKnownFileType = sourcecode.swift; path = Path.swift; sourceTree = "<group>"; };
		04F2A5940140279742B13C86 /* DbGeography.swift */ = {isa = PBXFileReference; includeInIndex = 1; lastKnownFileType = sourcecode.swift; path = DbGeography.swift; sourceTree = "<group>"; };
		103D8C25D6B841B580F9E205 /* FaresPeriod.swift */ = {isa = PBXFileReference; includeInIndex = 1; lastKnownFileType = sourcecode.swift; path = FaresPeriod.swift; sourceTree = "<group>"; };
		12D5949A75DE91A9A7BD88E9 /* Line.swift */ = {isa = PBXFileReference; includeInIndex = 1; lastKnownFileType = sourcecode.swift; path = Line.swift; sourceTree = "<group>"; };
		1323CBC57D17F925A6451205 /* FaresMode.swift */ = {isa = PBXFileReference; includeInIndex = 1; lastKnownFileType = sourcecode.swift; path = FaresMode.swift; sourceTree = "<group>"; };
		1B34C936717A037FC7326563 /* CarParkOccupancy.swift */ = {isa = PBXFileReference; includeInIndex = 1; lastKnownFileType = sourcecode.swift; path = CarParkOccupancy.swift; sourceTree = "<group>"; };
		1B98D22CD2FB2000AAA1EDDB /* AirQualityAPI.swift */ = {isa = PBXFileReference; includeInIndex = 1; lastKnownFileType = sourcecode.swift; path = AirQualityAPI.swift; sourceTree = "<group>"; };
		1C466614E80DCBB365E685EC /* GeoPoint.swift */ = {isa = PBXFileReference; includeInIndex = 1; lastKnownFileType = sourcecode.swift; path = GeoPoint.swift; sourceTree = "<group>"; };
		1C95A8F7E828F26497F93523 /* Coordinate.swift */ = {isa = PBXFileReference; includeInIndex = 1; lastKnownFileType = sourcecode.swift; path = Coordinate.swift; sourceTree = "<group>"; };
		1E8E032121E1AE25C9E7A508 /* JourneyVector.swift */ = {isa = PBXFileReference; includeInIndex = 1; lastKnownFileType = sourcecode.swift; path = JourneyVector.swift; sourceTree = "<group>"; };
		276CD5BC75F6B8CAC585E287 /* PlaceAPI.swift */ = {isa = PBXFileReference; includeInIndex = 1; lastKnownFileType = sourcecode.swift; path = PlaceAPI.swift; sourceTree = "<group>"; };
		2B63F0C1D0F66D9E06CE5160 /* SearchResponse.swift */ = {isa = PBXFileReference; includeInIndex = 1; lastKnownFileType = sourcecode.swift; path = SearchResponse.swift; sourceTree = "<group>"; };
		2B67707C6EEF997C4CEF8341 /* Models.swift */ = {isa = PBXFileReference; includeInIndex = 1; lastKnownFileType = sourcecode.swift; path = Models.swift; sourceTree = "<group>"; };
		309EB3E939B8F0CBAB0CE9BA /* Object.swift */ = {isa = PBXFileReference; includeInIndex = 1; lastKnownFileType = sourcecode.swift; path = Object.swift; sourceTree = "<group>"; };
		31689E33D7182485A09AD04C /* StationInterval.swift */ = {isa = PBXFileReference; includeInIndex = 1; lastKnownFileType = sourcecode.swift; path = StationInterval.swift; sourceTree = "<group>"; };
		361617DEDEE299CDB857AA02 /* AccidentStatsOrderedSummary.swift */ = {isa = PBXFileReference; includeInIndex = 1; lastKnownFileType = sourcecode.swift; path = AccidentStatsOrderedSummary.swift; sourceTree = "<group>"; };
		3835EC10B8C5803403C92CA8 /* Place.swift */ = {isa = PBXFileReference; includeInIndex = 1; lastKnownFileType = sourcecode.swift; path = Place.swift; sourceTree = "<group>"; };
		38DF8326FDFA9275CD4E6B95 /* AccidentDetail.swift */ = {isa = PBXFileReference; includeInIndex = 1; lastKnownFileType = sourcecode.swift; path = AccidentDetail.swift; sourceTree = "<group>"; };
		38E66749345BD40CAB0DDAC2 /* PassengerFlow.swift */ = {isa = PBXFileReference; includeInIndex = 1; lastKnownFileType = sourcecode.swift; path = PassengerFlow.swift; sourceTree = "<group>"; };
		3A4EB872FE7029BD0397970E /* Period.swift */ = {isa = PBXFileReference; includeInIndex = 1; lastKnownFileType = sourcecode.swift; path = Period.swift; sourceTree = "<group>"; };
		3ABAF23C09BE24C8D66A87B6 /* DateRangeNullable.swift */ = {isa = PBXFileReference; includeInIndex = 1; lastKnownFileType = sourcecode.swift; path = DateRangeNullable.swift; sourceTree = "<group>"; };
		3B0D83739FC7E7D46BE9831F /* StopPoint.swift */ = {isa = PBXFileReference; includeInIndex = 1; lastKnownFileType = sourcecode.swift; path = StopPoint.swift; sourceTree = "<group>"; };
		3B51C0A8B68308CDCC573918 /* CabwiseAPI.swift */ = {isa = PBXFileReference; includeInIndex = 1; lastKnownFileType = sourcecode.swift; path = CabwiseAPI.swift; sourceTree = "<group>"; };
		3BAD942427F362A5876ABA80 /* MatchedRouteSections.swift */ = {isa = PBXFileReference; includeInIndex = 1; lastKnownFileType = sourcecode.swift; path = MatchedRouteSections.swift; sourceTree = "<group>"; };
		3E3F5C377542A219CECCA456 /* Identifier.swift */ = {isa = PBXFileReference; includeInIndex = 1; lastKnownFileType = sourcecode.swift; path = Identifier.swift; sourceTree = "<group>"; };
		3F4B61AD6191E8D5C6045E9A /* TwentyFourHourClockTime.swift */ = {isa = PBXFileReference; includeInIndex = 1; lastKnownFileType = sourcecode.swift; path = TwentyFourHourClockTime.swift; sourceTree = "<group>"; };
		42155EA378B901B7ED69A9F5 /* Timetable.swift */ = {isa = PBXFileReference; includeInIndex = 1; lastKnownFileType = sourcecode.swift; path = Timetable.swift; sourceTree = "<group>"; };
		445C362A0D09A70652FB380C /* MatchedStop.swift */ = {isa = PBXFileReference; includeInIndex = 1; lastKnownFileType = sourcecode.swift; path = MatchedStop.swift; sourceTree = "<group>"; };
		4491F7203CDCA7CC2C1BE4B9 /* PlacePolygon.swift */ = {isa = PBXFileReference; includeInIndex = 1; lastKnownFileType = sourcecode.swift; path = PlacePolygon.swift; sourceTree = "<group>"; };
		453FF05E2370EA175D14D11F /* LineGroup.swift */ = {isa = PBXFileReference; includeInIndex = 1; lastKnownFileType = sourcecode.swift; path = LineGroup.swift; sourceTree = "<group>"; };
		45F5D6B1D4B7DA717D37D0FB /* AdditionalProperties.swift */ = {isa = PBXFileReference; includeInIndex = 1; lastKnownFileType = sourcecode.swift; path = AdditionalProperties.swift; sourceTree = "<group>"; };
		48FB2566B9C1B197595666E7 /* RouteSequence.swift */ = {isa = PBXFileReference; includeInIndex = 1; lastKnownFileType = sourcecode.swift; path = RouteSequence.swift; sourceTree = "<group>"; };
		49B16EB12F998803CDB3832F /* ItineraryResult.swift */ = {isa = PBXFileReference; includeInIndex = 1; lastKnownFileType = sourcecode.swift; path = ItineraryResult.swift; sourceTree = "<group>"; };
		4D97C6DE8CE4964F32047445 /* Obstacle.swift */ = {isa = PBXFileReference; includeInIndex = 1; lastKnownFileType = sourcecode.swift; path = Obstacle.swift; sourceTree = "<group>"; };
		4E90C5E5CB0E71100B5EE1EE /* LineModeGroup.swift */ = {isa = PBXFileReference; includeInIndex = 1; lastKnownFileType = sourcecode.swift; path = LineModeGroup.swift; sourceTree = "<group>"; };
		4F02486A0DC4AB5C860FB555 /* Disruption.swift */ = {isa = PBXFileReference; includeInIndex = 1; lastKnownFileType = sourcecode.swift; path = Disruption.swift; sourceTree = "<group>"; };
		5006FDEE51D43614EF55AFA0 /* RoadAPI.swift */ = {isa = PBXFileReference; includeInIndex = 1; lastKnownFileType = sourcecode.swift; path = RoadAPI.swift; sourceTree = "<group>"; };
		51713B2902F910F7839F4F0D /* LineAPI.swift */ = {isa = PBXFileReference; includeInIndex = 1; lastKnownFileType = sourcecode.swift; path = LineAPI.swift; sourceTree = "<group>"; };
		532CA875F6D309C5362182E3 /* Mode.swift */ = {isa = PBXFileReference; includeInIndex = 1; lastKnownFileType = sourcecode.swift; path = Mode.swift; sourceTree = "<group>"; };
		5381F6A48B5175F1085E4AB1 /* Point.swift */ = {isa = PBXFileReference; includeInIndex = 1; lastKnownFileType = sourcecode.swift; path = Point.swift; sourceTree = "<group>"; };
		561EB7E93EB69B6EDDA967E0 /* Fare.swift */ = {isa = PBXFileReference; includeInIndex = 1; lastKnownFileType = sourcecode.swift; path = Fare.swift; sourceTree = "<group>"; };
		581413D8118734C214D317AC /* PlannedWork.swift */ = {isa = PBXFileReference; includeInIndex = 1; lastKnownFileType = sourcecode.swift; path = PlannedWork.swift; sourceTree = "<group>"; };
		58A2090B950DF8535E019DE9 /* LineServiceTypeInfo.swift */ = {isa = PBXFileReference; includeInIndex = 1; lastKnownFileType = sourcecode.swift; path = LineServiceTypeInfo.swift; sourceTree = "<group>"; };
		5AD0885AD6337E0C996DB008 /* TicketType.swift */ = {isa = PBXFileReference; includeInIndex = 1; lastKnownFileType = sourcecode.swift; path = TicketType.swift; sourceTree = "<group>"; };
		62DD0EA2E35082ED24EECE09 /* Instruction.swift */ = {isa = PBXFileReference; includeInIndex = 1; lastKnownFileType = sourcecode.swift; path = Instruction.swift; sourceTree = "<group>"; };
		630EE5699432269F833E6824 /* JpElevation.swift */ = {isa = PBXFileReference; includeInIndex = 1; lastKnownFileType = sourcecode.swift; path = JpElevation.swift; sourceTree = "<group>"; };
		63BDE806F1456E1C029CCB56 /* ValidityPeriod.swift */ = {isa = PBXFileReference; includeInIndex = 1; lastKnownFileType = sourcecode.swift; path = ValidityPeriod.swift; sourceTree = "<group>"; };
		684FAF784AD4A622B1884245 /* RxTfL.framework */ = {isa = PBXFileReference; explicitFileType = wrapper.framework; includeInIndex = 0; path = RxTfL.framework; sourceTree = BUILT_PRODUCTS_DIR; };
		6900E26B87D7560810D3EF0C /* LineStatus.swift */ = {isa = PBXFileReference; includeInIndex = 1; lastKnownFileType = sourcecode.swift; path = LineStatus.swift; sourceTree = "<group>"; };
		6BF3E6443CC32BB824C9D33B /* FareDetails.swift */ = {isa = PBXFileReference; includeInIndex = 1; lastKnownFileType = sourcecode.swift; path = FareDetails.swift; sourceTree = "<group>"; };
		6C49CCE6DA7A8FA051511ABC /* RoadDisruptionImpactArea.swift */ = {isa = PBXFileReference; includeInIndex = 1; lastKnownFileType = sourcecode.swift; path = RoadDisruptionImpactArea.swift; sourceTree = "<group>"; };
		6D60AA1BD836758E69257ED5 /* MatchedRoute.swift */ = {isa = PBXFileReference; includeInIndex = 1; lastKnownFileType = sourcecode.swift; path = MatchedRoute.swift; sourceTree = "<group>"; };
		6E4FB6881B20A0C1D1B84695 /* TimeAdjustments.swift */ = {isa = PBXFileReference; includeInIndex = 1; lastKnownFileType = sourcecode.swift; path = TimeAdjustments.swift; sourceTree = "<group>"; };
		72258827CE1AFDFB33912332 /* Casualty.swift */ = {isa = PBXFileReference; includeInIndex = 1; lastKnownFileType = sourcecode.swift; path = Casualty.swift; sourceTree = "<group>"; };
		7248546A199356D6CF055BAB /* PathAttribute.swift */ = {isa = PBXFileReference; includeInIndex = 1; lastKnownFileType = sourcecode.swift; path = PathAttribute.swift; sourceTree = "<group>"; };
		727D2226BBFEB0D9A8CC998B /* APIHelper.swift */ = {isa = PBXFileReference; includeInIndex = 1; lastKnownFileType = sourcecode.swift; path = APIHelper.swift; sourceTree = "<group>"; };
		73106C0D5BF61487984807BD /* DisruptedPoint.swift */ = {isa = PBXFileReference; includeInIndex = 1; lastKnownFileType = sourcecode.swift; path = DisruptedPoint.swift; sourceTree = "<group>"; };
		7332DCEA6049DB87E6D4ABCB /* StopPointCategory.swift */ = {isa = PBXFileReference; includeInIndex = 1; lastKnownFileType = sourcecode.swift; path = StopPointCategory.swift; sourceTree = "<group>"; };
		75422E588EF589871F8641B3 /* LineServiceType.swift */ = {isa = PBXFileReference; includeInIndex = 1; lastKnownFileType = sourcecode.swift; path = LineServiceType.swift; sourceTree = "<group>"; };
		7732DD65E460F3383056767E /* Interval.swift */ = {isa = PBXFileReference; includeInIndex = 1; lastKnownFileType = sourcecode.swift; path = Interval.swift; sourceTree = "<group>"; };
		78C24BFBBAE54D6D085A2B92 /* Disambiguation.swift */ = {isa = PBXFileReference; includeInIndex = 1; lastKnownFileType = sourcecode.swift; path = Disambiguation.swift; sourceTree = "<group>"; };
		7917EA4365B292BA07EEE9F9 /* StatusSeverity.swift */ = {isa = PBXFileReference; includeInIndex = 1; lastKnownFileType = sourcecode.swift; path = StatusSeverity.swift; sourceTree = "<group>"; };
		7AEB1EF3740906D627D9E150 /* JourneyPlannerCycleHireDockingStationData.swift */ = {isa = PBXFileReference; includeInIndex = 1; lastKnownFileType = sourcecode.swift; path = JourneyPlannerCycleHireDockingStationData.swift; sourceTree = "<group>"; };
		7F6078C874CFA2448E18B4C5 /* Journey.swift */ = {isa = PBXFileReference; includeInIndex = 1; lastKnownFileType = sourcecode.swift; path = Journey.swift; sourceTree = "<group>"; };
		7FDB041CF52F54E6C0F3B30E /* Redirect.swift */ = {isa = PBXFileReference; includeInIndex = 1; lastKnownFileType = sourcecode.swift; path = Redirect.swift; sourceTree = "<group>"; };
		8073C26D4836485D58E79D0E /* InstructionStep.swift */ = {isa = PBXFileReference; includeInIndex = 1; lastKnownFileType = sourcecode.swift; path = InstructionStep.swift; sourceTree = "<group>"; };
		822A727C12B27D796C836E07 /* CycleSuperhighway.swift */ = {isa = PBXFileReference; includeInIndex = 1; lastKnownFileType = sourcecode.swift; path = CycleSuperhighway.swift; sourceTree = "<group>"; };
		86D6E11E1E56B14E3BEC585B /* RecommendationResponse.swift */ = {isa = PBXFileReference; includeInIndex = 1; lastKnownFileType = sourcecode.swift; path = RecommendationResponse.swift; sourceTree = "<group>"; };
		8884B3F6610B32AE7A01E320 /* JourneyAPI.swift */ = {isa = PBXFileReference; includeInIndex = 1; lastKnownFileType = sourcecode.swift; path = JourneyAPI.swift; sourceTree = "<group>"; };
		89873B4C2A0738A04523507D /* RouteSearchMatch.swift */ = {isa = PBXFileReference; includeInIndex = 1; lastKnownFileType = sourcecode.swift; path = RouteSearchMatch.swift; sourceTree = "<group>"; };
		89EA44187D2EB68EE03EC8F6 /* EmissionsSurchargeVehicle.swift */ = {isa = PBXFileReference; includeInIndex = 1; lastKnownFileType = sourcecode.swift; path = EmissionsSurchargeVehicle.swift; sourceTree = "<group>"; };
		8B90873B345BC11E6FC70275 /* StreetSegment.swift */ = {isa = PBXFileReference; includeInIndex = 1; lastKnownFileType = sourcecode.swift; path = StreetSegment.swift; sourceTree = "<group>"; };
		8C7287A187799C8BE76F218E /* Vehicle.swift */ = {isa = PBXFileReference; includeInIndex = 1; lastKnownFileType = sourcecode.swift; path = Vehicle.swift; sourceTree = "<group>"; };
		902CAEBD6068292B0F39803C /* TravelTimeAPI.swift */ = {isa = PBXFileReference; includeInIndex = 1; lastKnownFileType = sourcecode.swift; path = TravelTimeAPI.swift; sourceTree = "<group>"; };
		91F488CF6AE03D47BFA6F88E /* ServiceFrequency.swift */ = {isa = PBXFileReference; includeInIndex = 1; lastKnownFileType = sourcecode.swift; path = ServiceFrequency.swift; sourceTree = "<group>"; };
		939333668EA6734DCD8154B7 /* StopPointRouteSection.swift */ = {isa = PBXFileReference; includeInIndex = 1; lastKnownFileType = sourcecode.swift; path = StopPointRouteSection.swift; sourceTree = "<group>"; };
		9455652B49C87C43485B4EAB /* StopPointAPI.swift */ = {isa = PBXFileReference; includeInIndex = 1; lastKnownFileType = sourcecode.swift; path = StopPointAPI.swift; sourceTree = "<group>"; };
		96FFD34977ED0A77EA843DAC /* RouteOption.swift */ = {isa = PBXFileReference; includeInIndex = 1; lastKnownFileType = sourcecode.swift; path = RouteOption.swift; sourceTree = "<group>"; };
		97A6C8ADA2E528CCB3FC62C9 /* Recommendation.swift */ = {isa = PBXFileReference; includeInIndex = 1; lastKnownFileType = sourcecode.swift; path = Recommendation.swift; sourceTree = "<group>"; };
		9BEC6A94A725EF1CD537ADA5 /* Leg.swift */ = {isa = PBXFileReference; includeInIndex = 1; lastKnownFileType = sourcecode.swift; path = Leg.swift; sourceTree = "<group>"; };
		9C689FEBBF20A46C01DB8C5E /* PassengerType.swift */ = {isa = PBXFileReference; includeInIndex = 1; lastKnownFileType = sourcecode.swift; path = PassengerType.swift; sourceTree = "<group>"; };
		A01EA5CF152C24D87C035ADC /* Foundation.framework */ = {isa = PBXFileReference; lastKnownFileType = wrapper.framework; name = Foundation.framework; path = Platforms/iPhoneOS.platform/Developer/SDKs/iPhoneOS10.3.sdk/System/Library/Frameworks/Foundation.framework; sourceTree = DEVELOPER_DIR; };
		A0C8A4BFBF053365ED728CE6 /* LineRouteSection.swift */ = {isa = PBXFileReference; includeInIndex = 1; lastKnownFileType = sourcecode.swift; path = LineRouteSection.swift; sourceTree = "<group>"; };
		A514C33373DF8284C3D4AF3C /* Crowding.swift */ = {isa = PBXFileReference; includeInIndex = 1; lastKnownFileType = sourcecode.swift; path = Crowding.swift; sourceTree = "<group>"; };
		A748B5B658DA963849BCA252 /* KnownJourney.swift */ = {isa = PBXFileReference; includeInIndex = 1; lastKnownFileType = sourcecode.swift; path = KnownJourney.swift; sourceTree = "<group>"; };
		AA04B0C1D5554179381DA365 /* SearchCriteria.swift */ = {isa = PBXFileReference; includeInIndex = 1; lastKnownFileType = sourcecode.swift; path = SearchCriteria.swift; sourceTree = "<group>"; };
		ADE8EA63C9AE77DC2550BF14 /* Street.swift */ = {isa = PBXFileReference; includeInIndex = 1; lastKnownFileType = sourcecode.swift; path = Street.swift; sourceTree = "<group>"; };
		AE933F7DA176C22B2357B27C /* RoadDisruptionLine.swift */ = {isa = PBXFileReference; includeInIndex = 1; lastKnownFileType = sourcecode.swift; path = RoadDisruptionLine.swift; sourceTree = "<group>"; };
		B206472DF50454DBEC558C76 /* APIs.swift */ = {isa = PBXFileReference; includeInIndex = 1; lastKnownFileType = sourcecode.swift; path = APIs.swift; sourceTree = "<group>"; };
		B27F4891AEB473D089A536B8 /* RoadProject.swift */ = {isa = PBXFileReference; includeInIndex = 1; lastKnownFileType = sourcecode.swift; path = RoadProject.swift; sourceTree = "<group>"; };
		BB7A251FBD7ED63BC161B110 /* SearchAPI.swift */ = {isa = PBXFileReference; includeInIndex = 1; lastKnownFileType = sourcecode.swift; path = SearchAPI.swift; sourceTree = "<group>"; };
		BCA0B4C97F55A110C17409C1 /* GeoPointBBox.swift */ = {isa = PBXFileReference; includeInIndex = 1; lastKnownFileType = sourcecode.swift; path = GeoPointBBox.swift; sourceTree = "<group>"; };
		BCEFA7CFBDA15D3CFADA4219 /* OccupancyAPI.swift */ = {isa = PBXFileReference; includeInIndex = 1; lastKnownFileType = sourcecode.swift; path = OccupancyAPI.swift; sourceTree = "<group>"; };
		BCF8E314B9FCAFB1A156124D /* DbGeographyWellKnownValue.swift */ = {isa = PBXFileReference; includeInIndex = 1; lastKnownFileType = sourcecode.swift; path = DbGeographyWellKnownValue.swift; sourceTree = "<group>"; };
		C1231276D07236DC75B482D5 /* RouteSection.swift */ = {isa = PBXFileReference; includeInIndex = 1; lastKnownFileType = sourcecode.swift; path = RouteSection.swift; sourceTree = "<group>"; };
		C151336AC424A4344977A4D5 /* RouteSectionNaptanEntrySequence.swift */ = {isa = PBXFileReference; includeInIndex = 1; lastKnownFileType = sourcecode.swift; path = RouteSectionNaptanEntrySequence.swift; sourceTree = "<group>"; };
		C31D3D949134008458C208F9 /* DisambiguationOption.swift */ = {isa = PBXFileReference; includeInIndex = 1; lastKnownFileType = sourcecode.swift; path = DisambiguationOption.swift; sourceTree = "<group>"; };
		C4DE5A0A4B09B9D8163611EE /* LineSpecificServiceType.swift */ = {isa = PBXFileReference; includeInIndex = 1; lastKnownFileType = sourcecode.swift; path = LineSpecificServiceType.swift; sourceTree = "<group>"; };
		CBB9CC247ED680D542035212 /* AccidentStatsAPI.swift */ = {isa = PBXFileReference; includeInIndex = 1; lastKnownFileType = sourcecode.swift; path = AccidentStatsAPI.swift; sourceTree = "<group>"; };
		CE3E2131ED7DEFF64773E4EC /* Schedule.swift */ = {isa = PBXFileReference; includeInIndex = 1; lastKnownFileType = sourcecode.swift; path = Schedule.swift; sourceTree = "<group>"; };
		CEDCFA3CF15A10B80E043486 /* Extensions.swift */ = {isa = PBXFileReference; includeInIndex = 1; lastKnownFileType = sourcecode.swift; path = Extensions.swift; sourceTree = "<group>"; };
		D82942DEE25AD449775FDDB9 /* OrderedRoute.swift */ = {isa = PBXFileReference; includeInIndex = 1; lastKnownFileType = sourcecode.swift; path = OrderedRoute.swift; sourceTree = "<group>"; };
		D8462763BAC639B49B5F7A59 /* PredictionTiming.swift */ = {isa = PBXFileReference; includeInIndex = 1; lastKnownFileType = sourcecode.swift; path = PredictionTiming.swift; sourceTree = "<group>"; };
		DCF7E3A6DCE3DE537C661FC9 /* TicketTime.swift */ = {isa = PBXFileReference; includeInIndex = 1; lastKnownFileType = sourcecode.swift; path = TicketTime.swift; sourceTree = "<group>"; };
		DD85BB1AA701C52586E8F3F5 /* ModeAPI.swift */ = {isa = PBXFileReference; includeInIndex = 1; lastKnownFileType = sourcecode.swift; path = ModeAPI.swift; sourceTree = "<group>"; };
		DDCE4032F0B2A2EDE00F49C1 /* BikePointAPI.swift */ = {isa = PBXFileReference; includeInIndex = 1; lastKnownFileType = sourcecode.swift; path = BikePointAPI.swift; sourceTree = "<group>"; };
		E1550C9B927DEEE7F1AF5FE3 /* AlamofireImplementations.swift */ = {isa = PBXFileReference; includeInIndex = 1; lastKnownFileType = sourcecode.swift; path = AlamofireImplementations.swift; sourceTree = "<group>"; };
		E2F981CB8FDD74B45F657A08 /* Prediction.swift */ = {isa = PBXFileReference; includeInIndex = 1; lastKnownFileType = sourcecode.swift; path = Prediction.swift; sourceTree = "<group>"; };
		E3AE6D6C0A072BFC5109F267 /* RouteSearchResponse.swift */ = {isa = PBXFileReference; includeInIndex = 1; lastKnownFileType = sourcecode.swift; path = RouteSearchResponse.swift; sourceTree = "<group>"; };
		E40616BC97518343946732CD /* FaresSection.swift */ = {isa = PBXFileReference; includeInIndex = 1; lastKnownFileType = sourcecode.swift; path = FaresSection.swift; sourceTree = "<group>"; };
		E5B2084FDD578E491AE6E275 /* GeoCodeSearchMatch.swift */ = {isa = PBXFileReference; includeInIndex = 1; lastKnownFileType = sourcecode.swift; path = GeoCodeSearchMatch.swift; sourceTree = "<group>"; };
		E5BC1C1567C76287258AA13D /* TrainLoading.swift */ = {isa = PBXFileReference; includeInIndex = 1; lastKnownFileType = sourcecode.swift; path = TrainLoading.swift; sourceTree = "<group>"; };
		E5BF7868B64BFDC977BB2B1F /* TimetableRoute.swift */ = {isa = PBXFileReference; includeInIndex = 1; lastKnownFileType = sourcecode.swift; path = TimetableRoute.swift; sourceTree = "<group>"; };
		E7A7E74B99D45D747C7F1C5A /* DateRange.swift */ = {isa = PBXFileReference; includeInIndex = 1; lastKnownFileType = sourcecode.swift; path = DateRange.swift; sourceTree = "<group>"; };
		EA1813C25405C9A8D7654F64 /* PlaceCategory.swift */ = {isa = PBXFileReference; includeInIndex = 1; lastKnownFileType = sourcecode.swift; path = PlaceCategory.swift; sourceTree = "<group>"; };
		EBD3B77BC3754C1109B212ED /* PostcodeInput.swift */ = {isa = PBXFileReference; includeInIndex = 1; lastKnownFileType = sourcecode.swift; path = PostcodeInput.swift; sourceTree = "<group>"; };
		EC0A38C540EC18F228D831F5 /* Message.swift */ = {isa = PBXFileReference; includeInIndex = 1; lastKnownFileType = sourcecode.swift; path = Message.swift; sourceTree = "<group>"; };
		ECEC9B635C7984529E3CFEBC /* StopPointSequence.swift */ = {isa = PBXFileReference; includeInIndex = 1; lastKnownFileType = sourcecode.swift; path = StopPointSequence.swift; sourceTree = "<group>"; };
		ED189D03C93DBD6BDD8BAC40 /* Ticket.swift */ = {isa = PBXFileReference; includeInIndex = 1; lastKnownFileType = sourcecode.swift; path = Ticket.swift; sourceTree = "<group>"; };
		EF1D6E282745655B210049E0 /* RoadDisruptionSchedule.swift */ = {isa = PBXFileReference; includeInIndex = 1; lastKnownFileType = sourcecode.swift; path = RoadDisruptionSchedule.swift; sourceTree = "<group>"; };
		EF6FC3C999B176B10228525E /* RoadDisruption.swift */ = {isa = PBXFileReference; includeInIndex = 1; lastKnownFileType = sourcecode.swift; path = RoadDisruption.swift; sourceTree = "<group>"; };
		F30A6ED734B9D01708BADE71 /* SearchMatch.swift */ = {isa = PBXFileReference; includeInIndex = 1; lastKnownFileType = sourcecode.swift; path = SearchMatch.swift; sourceTree = "<group>"; };
		F7E75347208D7D916BA379C7 /* TimetableResponse.swift */ = {isa = PBXFileReference; includeInIndex = 1; lastKnownFileType = sourcecode.swift; path = TimetableResponse.swift; sourceTree = "<group>"; };
		FBB1BAB03B5D1621DE00139A /* StopPointsResponse.swift */ = {isa = PBXFileReference; includeInIndex = 1; lastKnownFileType = sourcecode.swift; path = StopPointsResponse.swift; sourceTree = "<group>"; };
		FC6E9CDDAC46958113A838C5 /* FareBounds.swift */ = {isa = PBXFileReference; includeInIndex = 1; lastKnownFileType = sourcecode.swift; path = FareBounds.swift; sourceTree = "<group>"; };
		FE5D939E66338364EE11F89C /* TimeAdjustment.swift */ = {isa = PBXFileReference; includeInIndex = 1; lastKnownFileType = sourcecode.swift; path = TimeAdjustment.swift; sourceTree = "<group>"; };
/* End PBXFileReference section */

/* Begin PBXFrameworksBuildPhase section */
		C903D8354280078B21EEE9EA /* Frameworks */ = {
			isa = PBXFrameworksBuildPhase;
			buildActionMask = 2147483647;
			files = (
				58DD98F2B4FCD8D416535F1C /* Foundation.framework in Frameworks */,
			);
			runOnlyForDeploymentPostprocessing = 0;
		};
/* End PBXFrameworksBuildPhase section */

/* Begin PBXGroup section */
		3223F4B293861FDE575674C1 /* Models */ = {
			isa = PBXGroup;
			children = (
				38DF8326FDFA9275CD4E6B95 /* AccidentDetail.swift */,
				361617DEDEE299CDB857AA02 /* AccidentStatsOrderedSummary.swift */,
				02118D3F462B3B0AE5420806 /* ActiveServiceType.swift */,
				45F5D6B1D4B7DA717D37D0FB /* AdditionalProperties.swift */,
				02D0C7B51A9622FF740C2654 /* ApiVersionInfo.swift */,
				018E3FFD8F9D7F431738DD63 /* Bay.swift */,
				1B34C936717A037FC7326563 /* CarParkOccupancy.swift */,
				72258827CE1AFDFB33912332 /* Casualty.swift */,
				1C95A8F7E828F26497F93523 /* Coordinate.swift */,
				A514C33373DF8284C3D4AF3C /* Crowding.swift */,
				822A727C12B27D796C836E07 /* CycleSuperhighway.swift */,
				E7A7E74B99D45D747C7F1C5A /* DateRange.swift */,
				3ABAF23C09BE24C8D66A87B6 /* DateRangeNullable.swift */,
				04F2A5940140279742B13C86 /* DbGeography.swift */,
				BCF8E314B9FCAFB1A156124D /* DbGeographyWellKnownValue.swift */,
				78C24BFBBAE54D6D085A2B92 /* Disambiguation.swift */,
				C31D3D949134008458C208F9 /* DisambiguationOption.swift */,
				73106C0D5BF61487984807BD /* DisruptedPoint.swift */,
				4F02486A0DC4AB5C860FB555 /* Disruption.swift */,
				89EA44187D2EB68EE03EC8F6 /* EmissionsSurchargeVehicle.swift */,
				561EB7E93EB69B6EDDA967E0 /* Fare.swift */,
				FC6E9CDDAC46958113A838C5 /* FareBounds.swift */,
				6BF3E6443CC32BB824C9D33B /* FareDetails.swift */,
				1323CBC57D17F925A6451205 /* FaresMode.swift */,
				103D8C25D6B841B580F9E205 /* FaresPeriod.swift */,
				E40616BC97518343946732CD /* FaresSection.swift */,
				E5B2084FDD578E491AE6E275 /* GeoCodeSearchMatch.swift */,
				1C466614E80DCBB365E685EC /* GeoPoint.swift */,
				BCA0B4C97F55A110C17409C1 /* GeoPointBBox.swift */,
				3E3F5C377542A219CECCA456 /* Identifier.swift */,
				62DD0EA2E35082ED24EECE09 /* Instruction.swift */,
				8073C26D4836485D58E79D0E /* InstructionStep.swift */,
				7732DD65E460F3383056767E /* Interval.swift */,
				49B16EB12F998803CDB3832F /* ItineraryResult.swift */,
				7F6078C874CFA2448E18B4C5 /* Journey.swift */,
				7AEB1EF3740906D627D9E150 /* JourneyPlannerCycleHireDockingStationData.swift */,
				1E8E032121E1AE25C9E7A508 /* JourneyVector.swift */,
				630EE5699432269F833E6824 /* JpElevation.swift */,
				A748B5B658DA963849BCA252 /* KnownJourney.swift */,
				9BEC6A94A725EF1CD537ADA5 /* Leg.swift */,
				12D5949A75DE91A9A7BD88E9 /* Line.swift */,
				453FF05E2370EA175D14D11F /* LineGroup.swift */,
				4E90C5E5CB0E71100B5EE1EE /* LineModeGroup.swift */,
				A0C8A4BFBF053365ED728CE6 /* LineRouteSection.swift */,
				75422E588EF589871F8641B3 /* LineServiceType.swift */,
				58A2090B950DF8535E019DE9 /* LineServiceTypeInfo.swift */,
				C4DE5A0A4B09B9D8163611EE /* LineSpecificServiceType.swift */,
				6900E26B87D7560810D3EF0C /* LineStatus.swift */,
				6D60AA1BD836758E69257ED5 /* MatchedRoute.swift */,
				3BAD942427F362A5876ABA80 /* MatchedRouteSections.swift */,
				445C362A0D09A70652FB380C /* MatchedStop.swift */,
				EC0A38C540EC18F228D831F5 /* Message.swift */,
				532CA875F6D309C5362182E3 /* Mode.swift */,
				309EB3E939B8F0CBAB0CE9BA /* Object.swift */,
				4D97C6DE8CE4964F32047445 /* Obstacle.swift */,
				D82942DEE25AD449775FDDB9 /* OrderedRoute.swift */,
				38E66749345BD40CAB0DDAC2 /* PassengerFlow.swift */,
				9C689FEBBF20A46C01DB8C5E /* PassengerType.swift */,
				04ED3084C6B584203BBB3987 /* Path.swift */,
				7248546A199356D6CF055BAB /* PathAttribute.swift */,
				3A4EB872FE7029BD0397970E /* Period.swift */,
				3835EC10B8C5803403C92CA8 /* Place.swift */,
				EA1813C25405C9A8D7654F64 /* PlaceCategory.swift */,
				4491F7203CDCA7CC2C1BE4B9 /* PlacePolygon.swift */,
				581413D8118734C214D317AC /* PlannedWork.swift */,
				5381F6A48B5175F1085E4AB1 /* Point.swift */,
				EBD3B77BC3754C1109B212ED /* PostcodeInput.swift */,
				E2F981CB8FDD74B45F657A08 /* Prediction.swift */,
				D8462763BAC639B49B5F7A59 /* PredictionTiming.swift */,
				97A6C8ADA2E528CCB3FC62C9 /* Recommendation.swift */,
				86D6E11E1E56B14E3BEC585B /* RecommendationResponse.swift */,
				7FDB041CF52F54E6C0F3B30E /* Redirect.swift */,
				0024E6B1FCE3352DD9BE6121 /* RoadCorridor.swift */,
				EF6FC3C999B176B10228525E /* RoadDisruption.swift */,
				6C49CCE6DA7A8FA051511ABC /* RoadDisruptionImpactArea.swift */,
				AE933F7DA176C22B2357B27C /* RoadDisruptionLine.swift */,
				EF1D6E282745655B210049E0 /* RoadDisruptionSchedule.swift */,
				B27F4891AEB473D089A536B8 /* RoadProject.swift */,
				96FFD34977ED0A77EA843DAC /* RouteOption.swift */,
				89873B4C2A0738A04523507D /* RouteSearchMatch.swift */,
				E3AE6D6C0A072BFC5109F267 /* RouteSearchResponse.swift */,
				C1231276D07236DC75B482D5 /* RouteSection.swift */,
				C151336AC424A4344977A4D5 /* RouteSectionNaptanEntrySequence.swift */,
				48FB2566B9C1B197595666E7 /* RouteSequence.swift */,
				CE3E2131ED7DEFF64773E4EC /* Schedule.swift */,
				AA04B0C1D5554179381DA365 /* SearchCriteria.swift */,
				F30A6ED734B9D01708BADE71 /* SearchMatch.swift */,
				2B63F0C1D0F66D9E06CE5160 /* SearchResponse.swift */,
				91F488CF6AE03D47BFA6F88E /* ServiceFrequency.swift */,
				31689E33D7182485A09AD04C /* StationInterval.swift */,
				7917EA4365B292BA07EEE9F9 /* StatusSeverity.swift */,
				3B0D83739FC7E7D46BE9831F /* StopPoint.swift */,
				7332DCEA6049DB87E6D4ABCB /* StopPointCategory.swift */,
				939333668EA6734DCD8154B7 /* StopPointRouteSection.swift */,
				ECEC9B635C7984529E3CFEBC /* StopPointSequence.swift */,
				FBB1BAB03B5D1621DE00139A /* StopPointsResponse.swift */,
				ADE8EA63C9AE77DC2550BF14 /* Street.swift */,
				8B90873B345BC11E6FC70275 /* StreetSegment.swift */,
				ED189D03C93DBD6BDD8BAC40 /* Ticket.swift */,
				DCF7E3A6DCE3DE537C661FC9 /* TicketTime.swift */,
				5AD0885AD6337E0C996DB008 /* TicketType.swift */,
				FE5D939E66338364EE11F89C /* TimeAdjustment.swift */,
				6E4FB6881B20A0C1D1B84695 /* TimeAdjustments.swift */,
				42155EA378B901B7ED69A9F5 /* Timetable.swift */,
				F7E75347208D7D916BA379C7 /* TimetableResponse.swift */,
				E5BF7868B64BFDC977BB2B1F /* TimetableRoute.swift */,
				E5BC1C1567C76287258AA13D /* TrainLoading.swift */,
				3F4B61AD6191E8D5C6045E9A /* TwentyFourHourClockTime.swift */,
				63BDE806F1456E1C029CCB56 /* ValidityPeriod.swift */,
				8C7287A187799C8BE76F218E /* Vehicle.swift */,
			);
			name = Models;
			path = Models;
			sourceTree = "<group>";
		};
		45F7EE89B7D7796CC1611BAA /* Classes */ = {
			isa = PBXGroup;
			children = (
				F3330618A17F15E7A6244594 /* Swaggers */,
			);
			name = Classes;
			path = Classes;
			sourceTree = "<group>";
		};
		4C4F632299E9E5D6274EEEF4 /* RxTfL */ = {
			isa = PBXGroup;
			children = (
				45F7EE89B7D7796CC1611BAA /* Classes */,
			);
			name = RxTfL;
			path = RxTfL;
			sourceTree = "<group>";
		};
		511C6F41349EA81801695FF6 /* Products */ = {
			isa = PBXGroup;
			children = (
				684FAF784AD4A622B1884245 /* RxTfL.framework */,
			);
			name = Products;
			sourceTree = "<group>";
		};
		88B762686FA2AECC0B91F363 /* Frameworks */ = {
			isa = PBXGroup;
			children = (
				D44DEFB52707A85204BFDFB0 /* iOS */,
			);
			name = Frameworks;
			sourceTree = "<group>";
		};
		CF8E70400C2F6BE495D69B42 = {
			isa = PBXGroup;
			children = (
				511C6F41349EA81801695FF6 /* Products */,
				88B762686FA2AECC0B91F363 /* Frameworks */,
				4C4F632299E9E5D6274EEEF4 /* RxTfL */,
			);
			sourceTree = "<group>";
		};
		D44DEFB52707A85204BFDFB0 /* iOS */ = {
			isa = PBXGroup;
			children = (
				A01EA5CF152C24D87C035ADC /* Foundation.framework */,
			);
			name = iOS;
			sourceTree = "<group>";
		};
		E40588DC554BD57D8B5F6FB5 /* APIs */ = {
			isa = PBXGroup;
			children = (
				CBB9CC247ED680D542035212 /* AccidentStatsAPI.swift */,
				1B98D22CD2FB2000AAA1EDDB /* AirQualityAPI.swift */,
				DDCE4032F0B2A2EDE00F49C1 /* BikePointAPI.swift */,
				3B51C0A8B68308CDCC573918 /* CabwiseAPI.swift */,
				8884B3F6610B32AE7A01E320 /* JourneyAPI.swift */,
				51713B2902F910F7839F4F0D /* LineAPI.swift */,
				DD85BB1AA701C52586E8F3F5 /* ModeAPI.swift */,
				BCEFA7CFBDA15D3CFADA4219 /* OccupancyAPI.swift */,
				276CD5BC75F6B8CAC585E287 /* PlaceAPI.swift */,
				5006FDEE51D43614EF55AFA0 /* RoadAPI.swift */,
				BB7A251FBD7ED63BC161B110 /* SearchAPI.swift */,
				9455652B49C87C43485B4EAB /* StopPointAPI.swift */,
				902CAEBD6068292B0F39803C /* TravelTimeAPI.swift */,
				0417E49EFC7DE02051AB73DD /* VehicleAPI.swift */,
			);
			name = APIs;
			path = APIs;
			sourceTree = "<group>";
		};
		F3330618A17F15E7A6244594 /* Swaggers */ = {
			isa = PBXGroup;
			children = (
				E1550C9B927DEEE7F1AF5FE3 /* AlamofireImplementations.swift */,
				727D2226BBFEB0D9A8CC998B /* APIHelper.swift */,
				E40588DC554BD57D8B5F6FB5 /* APIs */,
				B206472DF50454DBEC558C76 /* APIs.swift */,
				CEDCFA3CF15A10B80E043486 /* Extensions.swift */,
				3223F4B293861FDE575674C1 /* Models */,
				2B67707C6EEF997C4CEF8341 /* Models.swift */,
			);
			name = Swaggers;
			path = Swaggers;
			sourceTree = "<group>";
		};
/* End PBXGroup section */

/* Begin PBXNativeTarget section */
		B2EC410F80939ACAB5E0F1CE /* RxTfL */ = {
			isa = PBXNativeTarget;
			buildConfigurationList = 0FEBE937785D885D00B482FD /* Build configuration list for PBXNativeTarget "RxTfL" */;
			buildPhases = (
				C903D8354280078B21EEE9EA /* Frameworks */,
				03279C627D87EF411820F535 /* Sources */,
			);
			buildRules = (
			);
			dependencies = (
			);
			name = RxTfL;
			productName = RxTfL;
			productReference = 684FAF784AD4A622B1884245 /* RxTfL.framework */;
			productType = "com.apple.product-type.framework";
		};
/* End PBXNativeTarget section */

/* Begin PBXProject section */
		B7F5753A6FAE2290FE6DFDB1 /* Project object */ = {
			isa = PBXProject;
			attributes = {
				LastSwiftUpdateCheck = 0830;
				LastUpgradeCheck = 0700;
				ORGANIZATIONNAME = "Simon Rice";
			};
			buildConfigurationList = BF8F691D60D627C540EF50C4 /* Build configuration list for PBXProject "RxTfL" */;
			compatibilityVersion = "Xcode 3.2";
			developmentRegion = English;
			hasScannedForEncodings = 0;
			knownRegions = (
				en,
			);
			mainGroup = CF8E70400C2F6BE495D69B42;
			productRefGroup = 511C6F41349EA81801695FF6 /* Products */;
			projectDirPath = "";
			projectRoot = "";
			targets = (
				B2EC410F80939ACAB5E0F1CE /* RxTfL */,
			);
		};
/* End PBXProject section */

/* Begin PBXSourcesBuildPhase section */
		03279C627D87EF411820F535 /* Sources */ = {
			isa = PBXSourcesBuildPhase;
			buildActionMask = 2147483647;
			files = (
				01129547265CC4E29ED4E71C /* AlamofireImplementations.swift in Sources */,
				4556E885B75716D85B71041A /* APIHelper.swift in Sources */,
				12E731F3A2B3D0E1B9FBB3E8 /* AccidentStatsAPI.swift in Sources */,
				22E04C97E2993D346D503AED /* AirQualityAPI.swift in Sources */,
				01F335147697A093175D5C62 /* BikePointAPI.swift in Sources */,
				AD7089A8ED63C3D167B2F3AA /* CabwiseAPI.swift in Sources */,
				B6FF4E916CD2CAD2965A06EE /* JourneyAPI.swift in Sources */,
				F94997CFA63200F88847A1B8 /* LineAPI.swift in Sources */,
				A2A7EB3DE204B67C07E32991 /* ModeAPI.swift in Sources */,
				FB0ADD4EBAA61A99A4CB9E7F /* OccupancyAPI.swift in Sources */,
				D0AFD5B7333341726CF18F96 /* PlaceAPI.swift in Sources */,
				4C0D29BB9A1AD3F7BF228D23 /* RoadAPI.swift in Sources */,
				61E7AB8E792B6BECCD71C6A0 /* SearchAPI.swift in Sources */,
				FAC586AB722C0735752C55CD /* StopPointAPI.swift in Sources */,
				D3CE58D4C674FC2664B87088 /* TravelTimeAPI.swift in Sources */,
				5C99B656AF43D8EC9087F0EB /* VehicleAPI.swift in Sources */,
				8A96BF2274F5E5B4A7938179 /* APIs.swift in Sources */,
				3EB83291A8F5C1730027799B /* Extensions.swift in Sources */,
				F148E666CF2B76ACA162A961 /* AccidentDetail.swift in Sources */,
				5C774819B3AE773751AA7EB7 /* AccidentStatsOrderedSummary.swift in Sources */,
				15C10E16CB60B3D58A92F071 /* ActiveServiceType.swift in Sources */,
				08316E90572F92CE88473E71 /* AdditionalProperties.swift in Sources */,
				CFA2C046D3628B397B78AA69 /* ApiVersionInfo.swift in Sources */,
				CA720825A3D57B1074AE0C21 /* Bay.swift in Sources */,
				854C1F559E191E4E5B40E30B /* CarParkOccupancy.swift in Sources */,
				58527D3D111DC7190E646745 /* Casualty.swift in Sources */,
				60DBF632AE192D9A4CCB75FA /* Coordinate.swift in Sources */,
				0913A914E54D75A18D0F346C /* Crowding.swift in Sources */,
				602A76DD1DF09928C00BA062 /* CycleSuperhighway.swift in Sources */,
				A608437D0CB38DBCAB69847B /* DateRange.swift in Sources */,
				7D705F21141E53C5CCEBC053 /* DateRangeNullable.swift in Sources */,
				7314D2A0609416465ADF1D30 /* DbGeography.swift in Sources */,
				328AF19B9BD7483CCE89C3C9 /* DbGeographyWellKnownValue.swift in Sources */,
				A3EB4AEFB915EA8DE8532AE5 /* Disambiguation.swift in Sources */,
				6F26828784DE5EAF55A0DD47 /* DisambiguationOption.swift in Sources */,
				B79958598970B63CA8D93387 /* DisruptedPoint.swift in Sources */,
				D13D7E33A8E1A37439C14C5A /* Disruption.swift in Sources */,
				FC06810B3EFD05F75E87167B /* EmissionsSurchargeVehicle.swift in Sources */,
				60228F8ABD13730C19FA2523 /* Fare.swift in Sources */,
				3DBA6E67A20032533B5CA91B /* FareBounds.swift in Sources */,
				03020683BBCFC75E4A2206F5 /* FareDetails.swift in Sources */,
				0DBABD086F8E4661C5C48F17 /* FaresMode.swift in Sources */,
				338AD330B6AA6BC3A038BE6A /* FaresPeriod.swift in Sources */,
				B5F240A658B99421F65DBDE6 /* FaresSection.swift in Sources */,
				49862376CC2C98DE99573FC4 /* GeoCodeSearchMatch.swift in Sources */,
				DAD794F71E3F31566D1FEB09 /* GeoPoint.swift in Sources */,
				3D3505D0BC449EC8BBF7CA5C /* GeoPointBBox.swift in Sources */,
				2E6C975F0D6E38C6F7B0B00A /* Identifier.swift in Sources */,
				3EAF119F47AFE37D29B61CFC /* Instruction.swift in Sources */,
				DD6A011805A56764A1FCE1D3 /* InstructionStep.swift in Sources */,
				AEACE2FE761842862D8A9EBC /* Interval.swift in Sources */,
				62FA4F3EC6BC72662C3A84CD /* ItineraryResult.swift in Sources */,
				0FF01D83AA9BDE6CD8350231 /* Journey.swift in Sources */,
				C3F2495CDCD03EC322B98905 /* JourneyPlannerCycleHireDockingStationData.swift in Sources */,
				846F3A861BE142CF7637C9DE /* JourneyVector.swift in Sources */,
				94A0FEB8367DFFB9E29D18BD /* JpElevation.swift in Sources */,
				702936C89022F28E709BC638 /* KnownJourney.swift in Sources */,
				A66FF6F1A811C0D63923BDF6 /* Leg.swift in Sources */,
				8908CABBF0D91DAA31D71935 /* Line.swift in Sources */,
				75C168AFA834C2BC30AA7531 /* LineGroup.swift in Sources */,
				CC397DE3B2BC017C12E768B8 /* LineModeGroup.swift in Sources */,
				3471A903B66C9B17AE1D3C5D /* LineRouteSection.swift in Sources */,
				BB5F48D4D6B4BCA2461DC7AD /* LineServiceType.swift in Sources */,
				084CC32D3BE4BBBFD34DC0D6 /* LineServiceTypeInfo.swift in Sources */,
				5C8A7F775F355856B2106CC1 /* LineSpecificServiceType.swift in Sources */,
				478806B51849FC80DD335297 /* LineStatus.swift in Sources */,
				385836B076A117B3F20878C4 /* MatchedRoute.swift in Sources */,
				E0D1A7837C520AC21DE7F528 /* MatchedRouteSections.swift in Sources */,
				60BA69AF868934442D5011EC /* MatchedStop.swift in Sources */,
				7981A9164E3A8600BF4D232D /* Message.swift in Sources */,
				77D3DB8AF0313C7C5F7A70E6 /* Mode.swift in Sources */,
				933B24A1DE55828364E047FF /* Object.swift in Sources */,
				F806328831597D89DE8F09A2 /* Obstacle.swift in Sources */,
				D7E1C2C8F2C0BB1CA4BF1E10 /* OrderedRoute.swift in Sources */,
				10A66BDB2A14D3713F614083 /* PassengerFlow.swift in Sources */,
				63299605A3341CCF9405BB8D /* PassengerType.swift in Sources */,
				EE04A6239E0524B2C7B926B7 /* Path.swift in Sources */,
				176CACBC93A58CDBB70036F1 /* PathAttribute.swift in Sources */,
				6B5A2CD382C86CCA41636DFA /* Period.swift in Sources */,
				44885E69A3A8D40082034A92 /* Place.swift in Sources */,
				645AA9A3C3D85739A132B083 /* PlaceCategory.swift in Sources */,
				4B62CF77CE8EA0E2BF4FFAA5 /* PlacePolygon.swift in Sources */,
				FD5C84BE573CBD3AF355962C /* PlannedWork.swift in Sources */,
				4D92B46AD8124DBF145FFF5D /* Point.swift in Sources */,
				0CCCCB24F938EFD344E09232 /* PostcodeInput.swift in Sources */,
				5475FC0CF0E87B94987FA5E8 /* Prediction.swift in Sources */,
				AB7C6D1D36EFCD314D530555 /* PredictionTiming.swift in Sources */,
				B35CC18A1404A30D93DBC4C1 /* Recommendation.swift in Sources */,
				EBBE708F9A68643C3D8E6766 /* RecommendationResponse.swift in Sources */,
				DE8DB57E996AC8DA31B5C2AE /* Redirect.swift in Sources */,
				E13D525A2C5665738A41ACBE /* RoadCorridor.swift in Sources */,
				76A6BD84B94488A53244BD93 /* RoadDisruption.swift in Sources */,
				8C5D5194E9D9D88650D228D6 /* RoadDisruptionImpactArea.swift in Sources */,
				005FD61E259BB253348E6A1E /* RoadDisruptionLine.swift in Sources */,
				3445E01E2BD11DEAF5077869 /* RoadDisruptionSchedule.swift in Sources */,
				73A839B46FC48135A063F546 /* RoadProject.swift in Sources */,
				5C428714AB8AD82031A2490E /* RouteOption.swift in Sources */,
				749FF1686D376DD9248C7861 /* RouteSearchMatch.swift in Sources */,
				F1FDD01E023B8F59A976A7F0 /* RouteSearchResponse.swift in Sources */,
				6C06C2E8C0BED127B903B07C /* RouteSection.swift in Sources */,
				2032284987341EA230C47644 /* RouteSectionNaptanEntrySequence.swift in Sources */,
				CB9CA25F107870F0A07F7D91 /* RouteSequence.swift in Sources */,
				CCC76D00AB3EFD2965A33693 /* Schedule.swift in Sources */,
				6B4D7852E6C94C5019113690 /* SearchCriteria.swift in Sources */,
				05624DB2CFDC78743D983FE7 /* SearchMatch.swift in Sources */,
				62E04660E514E5430C2EA7C6 /* SearchResponse.swift in Sources */,
				844F78229496CA25A30AB073 /* ServiceFrequency.swift in Sources */,
				513E1C61273663D42A87119A /* StationInterval.swift in Sources */,
				93954FD94FF5BE9799826110 /* StatusSeverity.swift in Sources */,
				255EF98FD88B6A396E8E3F8E /* StopPoint.swift in Sources */,
				DF2F336456ADBE457D6BB142 /* StopPointCategory.swift in Sources */,
				FC02C10AA7446C2945760D7B /* StopPointRouteSection.swift in Sources */,
				655416FFB33BE93DC0991BE2 /* StopPointSequence.swift in Sources */,
				45640E5CA8D9210C1D9EF2DA /* StopPointsResponse.swift in Sources */,
				A51607DDC7C89AC94F5503A4 /* Street.swift in Sources */,
				587697C091335C48A7D81D2F /* StreetSegment.swift in Sources */,
				5393FEAA989821721ACE28A4 /* Ticket.swift in Sources */,
				A8D0788B8FFA2480FB4F0506 /* TicketTime.swift in Sources */,
				4C13EE115F7B2DAE30FB67B9 /* TicketType.swift in Sources */,
				3D6D937B7D3D2163937B8E19 /* TimeAdjustment.swift in Sources */,
				A73FB85656001B9A7B14C103 /* TimeAdjustments.swift in Sources */,
				E9DE293424BB047FA92C036F /* Timetable.swift in Sources */,
				28DE33E0D279C3F4FFA1D35B /* TimetableResponse.swift in Sources */,
				F61D6431AC6FBC3B263E429F /* TimetableRoute.swift in Sources */,
				127FBDA73BF8F31A03D0CEA8 /* TrainLoading.swift in Sources */,
				53AAD5CA3D0DFDBD550A93EA /* TwentyFourHourClockTime.swift in Sources */,
				6528671C3F24D95337546A9B /* ValidityPeriod.swift in Sources */,
				9CD8A2B7A91B8246C1950CBC /* Vehicle.swift in Sources */,
				BFD10C6906FC16B91C8FF72B /* Models.swift in Sources */,
			);
			runOnlyForDeploymentPostprocessing = 0;
		};
/* End PBXSourcesBuildPhase section */

/* Begin XCBuildConfiguration section */
		468D90E9C0C675BAFF09022A /* Release */ = {
			isa = XCBuildConfiguration;
			buildSettings = {
				ALWAYS_SEARCH_USER_PATHS = NO;
				CLANG_ANALYZER_NONNULL = YES;
				CLANG_ANALYZER_NUMBER_OBJECT_CONVERSION = YES;
				CLANG_CXX_LANGUAGE_STANDARD = "gnu++0x";
				CLANG_CXX_LIBRARY = "libc++";
				CLANG_ENABLE_MODULES = YES;
				CLANG_ENABLE_OBJC_ARC = YES;
				CLANG_WARN_BOOL_CONVERSION = YES;
				CLANG_WARN_CONSTANT_CONVERSION = YES;
				CLANG_WARN_DIRECT_OBJC_ISA_USAGE = YES_ERROR;
				CLANG_WARN_DOCUMENTATION_COMMENTS = YES;
				CLANG_WARN_EMPTY_BODY = YES;
				CLANG_WARN_ENUM_CONVERSION = YES;
				CLANG_WARN_INFINITE_RECURSION = YES;
				CLANG_WARN_INT_CONVERSION = YES;
				CLANG_WARN_OBJC_ROOT_CLASS = YES_ERROR;
				CLANG_WARN_SUSPICIOUS_MOVE = YES;
				CLANG_WARN_UNREACHABLE_CODE = YES;
				CLANG_WARN__DUPLICATE_METHOD_MATCH = YES;
				"CODE_SIGN_IDENTITY[sdk=iphoneos*]" = "iPhone Developer";
				COPY_PHASE_STRIP = YES;
				CURRENT_PROJECT_VERSION = 1;
				DEBUG_INFORMATION_FORMAT = "dwarf-with-dsym";
				ENABLE_NS_ASSERTIONS = NO;
				ENABLE_STRICT_OBJC_MSGSEND = YES;
				"FRAMEWORK_SEARCH_PATHS[sdk=appletvos*]" = "$(SRCROOT)/Carthage/Build/tvOS";
				"FRAMEWORK_SEARCH_PATHS[sdk=appletvsimulator*]" = "$(SRCROOT)/Carthage/Build/tvOS";
				"FRAMEWORK_SEARCH_PATHS[sdk=iphoneos*]" = "$(SRCROOT)/Carthage/Build/iOS";
				"FRAMEWORK_SEARCH_PATHS[sdk=iphonesimulator*]" = "$(SRCROOT)/Carthage/Build/iOS";
				"FRAMEWORK_SEARCH_PATHS[sdk=macosx*]" = "$(SRCROOT)/Carthage/Build/Mac";
				GCC_C_LANGUAGE_STANDARD = gnu99;
				GCC_NO_COMMON_BLOCKS = YES;
				GCC_WARN_64_TO_32_BIT_CONVERSION = YES;
				GCC_WARN_ABOUT_RETURN_TYPE = YES_ERROR;
				GCC_WARN_UNDECLARED_SELECTOR = YES;
				GCC_WARN_UNINITIALIZED_AUTOS = YES_AGGRESSIVE;
				GCC_WARN_UNUSED_FUNCTION = YES;
				GCC_WARN_UNUSED_VARIABLE = YES;
				IPHONEOS_DEPLOYMENT_TARGET = 9.0;
				SUPPORTED_PLATFORMS = "macosx iphoneos iphonesimulator appletvos appletvsimulator watchos watchsimulator";
				SWIFT_OPTIMIZATION_LEVEL = "-Owholemodule";
				TARGETED_DEVICE_FAMILY = "1,2,3,4";
				VALIDATE_PRODUCT = YES;
				VERSIONING_SYSTEM = "apple-generic";
			};
			name = Release;
		};
		6F7BC269FB5239050D378C38 /* Release */ = {
			isa = XCBuildConfiguration;
			buildSettings = {
				CODE_SIGN_IDENTITY = "";
				"CODE_SIGN_IDENTITY[sdk=iphoneos*]" = "iPhone Developer";
				CURRENT_PROJECT_VERSION = 1;
				DEBUG_INFORMATION_FORMAT = "dwarf-with-dsym";
				DEFINES_MODULE = YES;
				DYLIB_COMPATIBILITY_VERSION = 1;
				DYLIB_CURRENT_VERSION = 1;
				DYLIB_INSTALL_NAME_BASE = "@rpath";
				ENABLE_STRICT_OBJC_MSGSEND = YES;
				GCC_NO_COMMON_BLOCKS = YES;
				INFOPLIST_FILE = Info/RxTfL.plist;
				INSTALL_PATH = "$(LOCAL_LIBRARY_DIR)/Frameworks";
				IPHONEOS_DEPLOYMENT_TARGET = 9.0;
				LD_RUNPATH_SEARCH_PATHS = "$(inherited) @executable_path/Frameworks @loader_path/Frameworks";
				MTL_ENABLE_DEBUG_INFO = NO;
				PRODUCT_BUNDLE_IDENTIFIER = com.simonrice.RxTfL;
				PRODUCT_NAME = "$(TARGET_NAME)";
				SDKROOT = iphoneos;
				SKIP_INSTALL = YES;
				SWIFT_OPTIMIZATION_LEVEL = "-Owholemodule";
				SWIFT_VERSION = 3.0.1;
				TARGETED_DEVICE_FAMILY = "1,2,3,4";
				VERSIONING_SYSTEM = "apple-generic";
				VERSION_INFO_PREFIX = "";
			};
			name = Release;
		};
		805614D1BA789BFA90839369 /* Debug */ = {
			isa = XCBuildConfiguration;
			buildSettings = {
				ALWAYS_SEARCH_USER_PATHS = NO;
				CLANG_ANALYZER_NONNULL = YES;
				CLANG_ANALYZER_NUMBER_OBJECT_CONVERSION = YES;
				CLANG_CXX_LANGUAGE_STANDARD = "gnu++0x";
				CLANG_CXX_LIBRARY = "libc++";
				CLANG_ENABLE_MODULES = YES;
				CLANG_ENABLE_OBJC_ARC = YES;
				CLANG_WARN_BOOL_CONVERSION = YES;
				CLANG_WARN_CONSTANT_CONVERSION = YES;
				CLANG_WARN_DIRECT_OBJC_ISA_USAGE = YES_ERROR;
				CLANG_WARN_DOCUMENTATION_COMMENTS = YES;
				CLANG_WARN_EMPTY_BODY = YES;
				CLANG_WARN_ENUM_CONVERSION = YES;
				CLANG_WARN_INFINITE_RECURSION = YES;
				CLANG_WARN_INT_CONVERSION = YES;
				CLANG_WARN_OBJC_ROOT_CLASS = YES_ERROR;
				CLANG_WARN_SUSPICIOUS_MOVE = YES;
				CLANG_WARN_UNREACHABLE_CODE = YES;
				CLANG_WARN__DUPLICATE_METHOD_MATCH = YES;
				"CODE_SIGN_IDENTITY[sdk=iphoneos*]" = "iPhone Developer";
				COPY_PHASE_STRIP = NO;
				CURRENT_PROJECT_VERSION = 1;
				DEBUG_INFORMATION_FORMAT = dwarf;
				ENABLE_STRICT_OBJC_MSGSEND = YES;
				ENABLE_TESTABILITY = YES;
				"FRAMEWORK_SEARCH_PATHS[sdk=appletvos*]" = "$(SRCROOT)/Carthage/Build/tvOS";
				"FRAMEWORK_SEARCH_PATHS[sdk=appletvsimulator*]" = "$(SRCROOT)/Carthage/Build/tvOS";
				"FRAMEWORK_SEARCH_PATHS[sdk=iphoneos*]" = "$(SRCROOT)/Carthage/Build/iOS";
				"FRAMEWORK_SEARCH_PATHS[sdk=iphonesimulator*]" = "$(SRCROOT)/Carthage/Build/iOS";
				"FRAMEWORK_SEARCH_PATHS[sdk=macosx*]" = "$(SRCROOT)/Carthage/Build/Mac";
				GCC_C_LANGUAGE_STANDARD = gnu99;
				GCC_DYNAMIC_NO_PIC = NO;
				GCC_NO_COMMON_BLOCKS = YES;
				GCC_OPTIMIZATION_LEVEL = 0;
				GCC_PREPROCESSOR_DEFINITIONS = (
					"DEBUG=1",
					"$(inherited)",
				);
				GCC_SYMBOLS_PRIVATE_EXTERN = NO;
				GCC_WARN_64_TO_32_BIT_CONVERSION = YES;
				GCC_WARN_ABOUT_RETURN_TYPE = YES_ERROR;
				GCC_WARN_UNDECLARED_SELECTOR = YES;
				GCC_WARN_UNINITIALIZED_AUTOS = YES_AGGRESSIVE;
				GCC_WARN_UNUSED_FUNCTION = YES;
				GCC_WARN_UNUSED_VARIABLE = YES;
				IPHONEOS_DEPLOYMENT_TARGET = 9.0;
				ONLY_ACTIVE_ARCH = YES;
				SUPPORTED_PLATFORMS = "macosx iphoneos iphonesimulator appletvos appletvsimulator watchos watchsimulator";
				SWIFT_OPTIMIZATION_LEVEL = "-Onone";
				TARGETED_DEVICE_FAMILY = "1,2,3,4";
				VERSIONING_SYSTEM = "apple-generic";
			};
			name = Debug;
		};
		83838C3A3395E791687AE2F4 /* Debug */ = {
			isa = XCBuildConfiguration;
			buildSettings = {
				CODE_SIGN_IDENTITY = "";
				"CODE_SIGN_IDENTITY[sdk=iphoneos*]" = "iPhone Developer";
				CURRENT_PROJECT_VERSION = 1;
				DEBUG_INFORMATION_FORMAT = dwarf;
				DEFINES_MODULE = YES;
				DYLIB_COMPATIBILITY_VERSION = 1;
				DYLIB_CURRENT_VERSION = 1;
				DYLIB_INSTALL_NAME_BASE = "@rpath";
				ENABLE_STRICT_OBJC_MSGSEND = YES;
				GCC_NO_COMMON_BLOCKS = YES;
				INFOPLIST_FILE = Info/RxTfL.plist;
				INSTALL_PATH = "$(LOCAL_LIBRARY_DIR)/Frameworks";
				IPHONEOS_DEPLOYMENT_TARGET = 9.0;
				LD_RUNPATH_SEARCH_PATHS = "$(inherited) @executable_path/Frameworks @loader_path/Frameworks";
				MTL_ENABLE_DEBUG_INFO = YES;
				PRODUCT_BUNDLE_IDENTIFIER = com.simonrice.RxTfL;
				PRODUCT_NAME = "$(TARGET_NAME)";
				SDKROOT = iphoneos;
				SKIP_INSTALL = YES;
				SWIFT_ACTIVE_COMPILATION_CONDITIONS = DEBUG;
				SWIFT_OPTIMIZATION_LEVEL = "-Onone";
				SWIFT_VERSION = 3.0.1;
				TARGETED_DEVICE_FAMILY = "1,2,3,4";
				VERSIONING_SYSTEM = "apple-generic";
				VERSION_INFO_PREFIX = "";
			};
			name = Debug;
		};
/* End XCBuildConfiguration section */

/* Begin XCConfigurationList section */
		0FEBE937785D885D00B482FD /* Build configuration list for PBXNativeTarget "RxTfL" */ = {
			isa = XCConfigurationList;
			buildConfigurations = (
				83838C3A3395E791687AE2F4 /* Debug */,
				6F7BC269FB5239050D378C38 /* Release */,
			);
			defaultConfigurationIsVisible = 0;
			defaultConfigurationName = Release;
		};
		BF8F691D60D627C540EF50C4 /* Build configuration list for PBXProject "RxTfL" */ = {
			isa = XCConfigurationList;
			buildConfigurations = (
				805614D1BA789BFA90839369 /* Debug */,
				468D90E9C0C675BAFF09022A /* Release */,
			);
			defaultConfigurationIsVisible = 0;
			defaultConfigurationName = Release;
		};
/* End XCConfigurationList section */
	};
	rootObject = B7F5753A6FAE2290FE6DFDB1 /* Project object */;
}
